// !$*UTF8*$!
{
	archiveVersion = 1;
	classes = {
	};
	objectVersion = 60;
	objects = {

/* Begin PBXBuildFile section */
		AD6F462E2D60D18000B34350 /* AppDelegate.swift in Sources */ = {isa = PBXBuildFile; fileRef = AD6F462D2D60D18000B34350 /* AppDelegate.swift */; };
		AD6F46302D60D18000B34350 /* SceneDelegate.swift in Sources */ = {isa = PBXBuildFile; fileRef = AD6F462F2D60D18000B34350 /* SceneDelegate.swift */; };
		AD6F46322D60D18000B34350 /* ViewController.swift in Sources */ = {isa = PBXBuildFile; fileRef = AD6F46312D60D18000B34350 /* ViewController.swift */; };
		AD6F46352D60D18000B34350 /* Base in Resources */ = {isa = PBXBuildFile; fileRef = AD6F46342D60D18000B34350 /* Base */; };
		AD6F46372D60D18200B34350 /* Assets.xcassets in Resources */ = {isa = PBXBuildFile; fileRef = AD6F46362D60D18200B34350 /* Assets.xcassets */; };
		AD6F463A2D60D18200B34350 /* Base in Resources */ = {isa = PBXBuildFile; fileRef = AD6F46392D60D18200B34350 /* Base */; };
		AD6F46452D60D18200B34350 /* PokedexTests.swift in Sources */ = {isa = PBXBuildFile; fileRef = AD6F46442D60D18200B34350 /* PokedexTests.swift */; };
		AD6F464F2D60D18200B34350 /* PokedexUITests.swift in Sources */ = {isa = PBXBuildFile; fileRef = AD6F464E2D60D18200B34350 /* PokedexUITests.swift */; };
		AD6F46512D60D18200B34350 /* PokedexUITestsLaunchTests.swift in Sources */ = {isa = PBXBuildFile; fileRef = AD6F46502D60D18200B34350 /* PokedexUITestsLaunchTests.swift */; };
		AD6F465F2D60DFEA00B34350 /* BDRModel in Frameworks */ = {isa = PBXBuildFile; productRef = AD6F465E2D60DFEA00B34350 /* BDRModel */; };
		AD6F46622D60DFF700B34350 /* BDRCoreNetwork in Frameworks */ = {isa = PBXBuildFile; productRef = AD6F46612D60DFF700B34350 /* BDRCoreNetwork */; };
		AD6F46652D60E00C00B34350 /* BDRUIComponents in Frameworks */ = {isa = PBXBuildFile; productRef = AD6F46642D60E00C00B34350 /* BDRUIComponents */; };
		AD6F466B2D60E04700B34350 /* UIUtils in Frameworks */ = {isa = PBXBuildFile; productRef = AD6F466A2D60E04700B34350 /* UIUtils */; };
/* End PBXBuildFile section */

/* Begin PBXContainerItemProxy section */
		AD6F46412D60D18200B34350 /* PBXContainerItemProxy */ = {
			isa = PBXContainerItemProxy;
			containerPortal = AD6F46222D60D18000B34350 /* Project object */;
			proxyType = 1;
			remoteGlobalIDString = AD6F46292D60D18000B34350;
			remoteInfo = Pokedex;
		};
		AD6F464B2D60D18200B34350 /* PBXContainerItemProxy */ = {
			isa = PBXContainerItemProxy;
			containerPortal = AD6F46222D60D18000B34350 /* Project object */;
			proxyType = 1;
			remoteGlobalIDString = AD6F46292D60D18000B34350;
			remoteInfo = Pokedex;
		};
/* End PBXContainerItemProxy section */

/* Begin PBXFileReference section */
		AD6F462A2D60D18000B34350 /* Pokedex.app */ = {isa = PBXFileReference; explicitFileType = wrapper.application; includeInIndex = 0; path = Pokedex.app; sourceTree = BUILT_PRODUCTS_DIR; };
		AD6F462D2D60D18000B34350 /* AppDelegate.swift */ = {isa = PBXFileReference; lastKnownFileType = sourcecode.swift; path = AppDelegate.swift; sourceTree = "<group>"; };
		AD6F462F2D60D18000B34350 /* SceneDelegate.swift */ = {isa = PBXFileReference; lastKnownFileType = sourcecode.swift; path = SceneDelegate.swift; sourceTree = "<group>"; };
		AD6F46312D60D18000B34350 /* ViewController.swift */ = {isa = PBXFileReference; lastKnownFileType = sourcecode.swift; path = ViewController.swift; sourceTree = "<group>"; };
		AD6F46342D60D18000B34350 /* Base */ = {isa = PBXFileReference; lastKnownFileType = file.storyboard; name = Base; path = Base.lproj/Main.storyboard; sourceTree = "<group>"; };
		AD6F46362D60D18200B34350 /* Assets.xcassets */ = {isa = PBXFileReference; lastKnownFileType = folder.assetcatalog; path = Assets.xcassets; sourceTree = "<group>"; };
		AD6F46392D60D18200B34350 /* Base */ = {isa = PBXFileReference; lastKnownFileType = file.storyboard; name = Base; path = Base.lproj/LaunchScreen.storyboard; sourceTree = "<group>"; };
		AD6F463B2D60D18200B34350 /* Info.plist */ = {isa = PBXFileReference; lastKnownFileType = text.plist.xml; path = Info.plist; sourceTree = "<group>"; };
		AD6F46402D60D18200B34350 /* PokedexTests.xctest */ = {isa = PBXFileReference; explicitFileType = wrapper.cfbundle; includeInIndex = 0; path = PokedexTests.xctest; sourceTree = BUILT_PRODUCTS_DIR; };
		AD6F46442D60D18200B34350 /* PokedexTests.swift */ = {isa = PBXFileReference; lastKnownFileType = sourcecode.swift; path = PokedexTests.swift; sourceTree = "<group>"; };
		AD6F464A2D60D18200B34350 /* PokedexUITests.xctest */ = {isa = PBXFileReference; explicitFileType = wrapper.cfbundle; includeInIndex = 0; path = PokedexUITests.xctest; sourceTree = BUILT_PRODUCTS_DIR; };
		AD6F464E2D60D18200B34350 /* PokedexUITests.swift */ = {isa = PBXFileReference; lastKnownFileType = sourcecode.swift; path = PokedexUITests.swift; sourceTree = "<group>"; };
		AD6F46502D60D18200B34350 /* PokedexUITestsLaunchTests.swift */ = {isa = PBXFileReference; lastKnownFileType = sourcecode.swift; path = PokedexUITestsLaunchTests.swift; sourceTree = "<group>"; };
/* End PBXFileReference section */

/* Begin PBXFrameworksBuildPhase section */
		AD6F46272D60D18000B34350 /* Frameworks */ = {
			isa = PBXFrameworksBuildPhase;
			buildActionMask = 2147483647;
			files = (
				AD6F465F2D60DFEA00B34350 /* BDRModel in Frameworks */,
				AD6F46652D60E00C00B34350 /* BDRUIComponents in Frameworks */,
				AD6F466B2D60E04700B34350 /* UIUtils in Frameworks */,
				AD6F46622D60DFF700B34350 /* BDRCoreNetwork in Frameworks */,
			);
			runOnlyForDeploymentPostprocessing = 0;
		};
		AD6F463D2D60D18200B34350 /* Frameworks */ = {
			isa = PBXFrameworksBuildPhase;
			buildActionMask = 2147483647;
			files = (
			);
			runOnlyForDeploymentPostprocessing = 0;
		};
		AD6F46472D60D18200B34350 /* Frameworks */ = {
			isa = PBXFrameworksBuildPhase;
			buildActionMask = 2147483647;
			files = (
			);
			runOnlyForDeploymentPostprocessing = 0;
		};
/* End PBXFrameworksBuildPhase section */

/* Begin PBXGroup section */
		AD6F46212D60D18000B34350 = {
			isa = PBXGroup;
			children = (
				AD6F462C2D60D18000B34350 /* Pokedex */,
				AD6F46432D60D18200B34350 /* PokedexTests */,
				AD6F464D2D60D18200B34350 /* PokedexUITests */,
				AD6F462B2D60D18000B34350 /* Products */,
			);
			sourceTree = "<group>";
		};
		AD6F462B2D60D18000B34350 /* Products */ = {
			isa = PBXGroup;
			children = (
				AD6F462A2D60D18000B34350 /* Pokedex.app */,
				AD6F46402D60D18200B34350 /* PokedexTests.xctest */,
				AD6F464A2D60D18200B34350 /* PokedexUITests.xctest */,
			);
			name = Products;
			sourceTree = "<group>";
		};
		AD6F462C2D60D18000B34350 /* Pokedex */ = {
			isa = PBXGroup;
			children = (
				AD6F462D2D60D18000B34350 /* AppDelegate.swift */,
				AD6F462F2D60D18000B34350 /* SceneDelegate.swift */,
				AD6F46312D60D18000B34350 /* ViewController.swift */,
				AD6F46332D60D18000B34350 /* Main.storyboard */,
				AD6F46362D60D18200B34350 /* Assets.xcassets */,
				AD6F46382D60D18200B34350 /* LaunchScreen.storyboard */,
				AD6F463B2D60D18200B34350 /* Info.plist */,
			);
			path = Pokedex;
			sourceTree = "<group>";
		};
		AD6F46432D60D18200B34350 /* PokedexTests */ = {
			isa = PBXGroup;
			children = (
				AD6F46442D60D18200B34350 /* PokedexTests.swift */,
			);
			path = PokedexTests;
			sourceTree = "<group>";
		};
		AD6F464D2D60D18200B34350 /* PokedexUITests */ = {
			isa = PBXGroup;
			children = (
				AD6F464E2D60D18200B34350 /* PokedexUITests.swift */,
				AD6F46502D60D18200B34350 /* PokedexUITestsLaunchTests.swift */,
			);
			path = PokedexUITests;
			sourceTree = "<group>";
		};
/* End PBXGroup section */

/* Begin PBXNativeTarget section */
		AD6F46292D60D18000B34350 /* Pokedex */ = {
			isa = PBXNativeTarget;
			buildConfigurationList = AD6F46542D60D18200B34350 /* Build configuration list for PBXNativeTarget "Pokedex" */;
			buildPhases = (
				AD6F46262D60D18000B34350 /* Sources */,
				AD6F46272D60D18000B34350 /* Frameworks */,
				AD6F46282D60D18000B34350 /* Resources */,
			);
			buildRules = (
			);
			dependencies = (
			);
			name = Pokedex;
			packageProductDependencies = (
				AD6F465E2D60DFEA00B34350 /* BDRModel */,
				AD6F46612D60DFF700B34350 /* BDRCoreNetwork */,
				AD6F46642D60E00C00B34350 /* BDRUIComponents */,
				AD6F466A2D60E04700B34350 /* UIUtils */,
			);
			productName = Pokedex;
			productReference = AD6F462A2D60D18000B34350 /* Pokedex.app */;
			productType = "com.apple.product-type.application";
		};
		AD6F463F2D60D18200B34350 /* PokedexTests */ = {
			isa = PBXNativeTarget;
			buildConfigurationList = AD6F46572D60D18200B34350 /* Build configuration list for PBXNativeTarget "PokedexTests" */;
			buildPhases = (
				AD6F463C2D60D18200B34350 /* Sources */,
				AD6F463D2D60D18200B34350 /* Frameworks */,
				AD6F463E2D60D18200B34350 /* Resources */,
			);
			buildRules = (
			);
			dependencies = (
				AD6F46422D60D18200B34350 /* PBXTargetDependency */,
			);
			name = PokedexTests;
			productName = PokedexTests;
			productReference = AD6F46402D60D18200B34350 /* PokedexTests.xctest */;
			productType = "com.apple.product-type.bundle.unit-test";
		};
		AD6F46492D60D18200B34350 /* PokedexUITests */ = {
			isa = PBXNativeTarget;
			buildConfigurationList = AD6F465A2D60D18200B34350 /* Build configuration list for PBXNativeTarget "PokedexUITests" */;
			buildPhases = (
				AD6F46462D60D18200B34350 /* Sources */,
				AD6F46472D60D18200B34350 /* Frameworks */,
				AD6F46482D60D18200B34350 /* Resources */,
			);
			buildRules = (
			);
			dependencies = (
				AD6F464C2D60D18200B34350 /* PBXTargetDependency */,
			);
			name = PokedexUITests;
			productName = PokedexUITests;
			productReference = AD6F464A2D60D18200B34350 /* PokedexUITests.xctest */;
			productType = "com.apple.product-type.bundle.ui-testing";
		};
/* End PBXNativeTarget section */

/* Begin PBXProject section */
		AD6F46222D60D18000B34350 /* Project object */ = {
			isa = PBXProject;
			attributes = {
				BuildIndependentTargetsInParallel = 1;
				LastSwiftUpdateCheck = 1540;
				LastUpgradeCheck = 1540;
				TargetAttributes = {
					AD6F46292D60D18000B34350 = {
						CreatedOnToolsVersion = 15.4;
					};
					AD6F463F2D60D18200B34350 = {
						CreatedOnToolsVersion = 15.4;
						TestTargetID = AD6F46292D60D18000B34350;
					};
					AD6F46492D60D18200B34350 = {
						CreatedOnToolsVersion = 15.4;
						TestTargetID = AD6F46292D60D18000B34350;
					};
				};
			};
			buildConfigurationList = AD6F46252D60D18000B34350 /* Build configuration list for PBXProject "Pokedex" */;
			compatibilityVersion = "Xcode 14.0";
			developmentRegion = en;
			hasScannedForEncodings = 0;
			knownRegions = (
				en,
				Base,
			);
			mainGroup = AD6F46212D60D18000B34350;
			packageReferences = (
				AD6F465D2D60DFEA00B34350 /* XCLocalSwiftPackageReference "BDRModel" */,
				AD6F46602D60DFF700B34350 /* XCLocalSwiftPackageReference "BDRCoreNetwork" */,
				AD6F46632D60E00C00B34350 /* XCLocalSwiftPackageReference "BDRUIComponents" */,
				AD6F46692D60E04700B34350 /* XCLocalSwiftPackageReference "UIUtils" */,
			);
			productRefGroup = AD6F462B2D60D18000B34350 /* Products */;
			projectDirPath = "";
			projectRoot = "";
			targets = (
				AD6F46292D60D18000B34350 /* Pokedex */,
				AD6F463F2D60D18200B34350 /* PokedexTests */,
				AD6F46492D60D18200B34350 /* PokedexUITests */,
			);
		};
/* End PBXProject section */

/* Begin PBXResourcesBuildPhase section */
		AD6F46282D60D18000B34350 /* Resources */ = {
			isa = PBXResourcesBuildPhase;
			buildActionMask = 2147483647;
			files = (
				AD6F46372D60D18200B34350 /* Assets.xcassets in Resources */,
				AD6F463A2D60D18200B34350 /* Base in Resources */,
				AD6F46352D60D18000B34350 /* Base in Resources */,
			);
			runOnlyForDeploymentPostprocessing = 0;
		};
		AD6F463E2D60D18200B34350 /* Resources */ = {
			isa = PBXResourcesBuildPhase;
			buildActionMask = 2147483647;
			files = (
			);
			runOnlyForDeploymentPostprocessing = 0;
		};
		AD6F46482D60D18200B34350 /* Resources */ = {
			isa = PBXResourcesBuildPhase;
			buildActionMask = 2147483647;
			files = (
			);
			runOnlyForDeploymentPostprocessing = 0;
		};
/* End PBXResourcesBuildPhase section */

/* Begin PBXSourcesBuildPhase section */
		AD6F46262D60D18000B34350 /* Sources */ = {
			isa = PBXSourcesBuildPhase;
			buildActionMask = 2147483647;
			files = (
				AD6F46322D60D18000B34350 /* ViewController.swift in Sources */,
				AD6F462E2D60D18000B34350 /* AppDelegate.swift in Sources */,
				AD6F46302D60D18000B34350 /* SceneDelegate.swift in Sources */,
			);
			runOnlyForDeploymentPostprocessing = 0;
		};
		AD6F463C2D60D18200B34350 /* Sources */ = {
			isa = PBXSourcesBuildPhase;
			buildActionMask = 2147483647;
			files = (
				AD6F46452D60D18200B34350 /* PokedexTests.swift in Sources */,
			);
			runOnlyForDeploymentPostprocessing = 0;
		};
		AD6F46462D60D18200B34350 /* Sources */ = {
			isa = PBXSourcesBuildPhase;
			buildActionMask = 2147483647;
			files = (
				AD6F464F2D60D18200B34350 /* PokedexUITests.swift in Sources */,
				AD6F46512D60D18200B34350 /* PokedexUITestsLaunchTests.swift in Sources */,
			);
			runOnlyForDeploymentPostprocessing = 0;
		};
/* End PBXSourcesBuildPhase section */

/* Begin PBXTargetDependency section */
		AD6F46422D60D18200B34350 /* PBXTargetDependency */ = {
			isa = PBXTargetDependency;
			target = AD6F46292D60D18000B34350 /* Pokedex */;
			targetProxy = AD6F46412D60D18200B34350 /* PBXContainerItemProxy */;
		};
		AD6F464C2D60D18200B34350 /* PBXTargetDependency */ = {
			isa = PBXTargetDependency;
			target = AD6F46292D60D18000B34350 /* Pokedex */;
			targetProxy = AD6F464B2D60D18200B34350 /* PBXContainerItemProxy */;
		};
/* End PBXTargetDependency section */

/* Begin PBXVariantGroup section */
		AD6F46332D60D18000B34350 /* Main.storyboard */ = {
			isa = PBXVariantGroup;
			children = (
				AD6F46342D60D18000B34350 /* Base */,
			);
			name = Main.storyboard;
			sourceTree = "<group>";
		};
		AD6F46382D60D18200B34350 /* LaunchScreen.storyboard */ = {
			isa = PBXVariantGroup;
			children = (
				AD6F46392D60D18200B34350 /* Base */,
			);
			name = LaunchScreen.storyboard;
			sourceTree = "<group>";
		};
/* End PBXVariantGroup section */

/* Begin XCBuildConfiguration section */
		AD6F46522D60D18200B34350 /* Debug */ = {
			isa = XCBuildConfiguration;
			buildSettings = {
				ALWAYS_SEARCH_USER_PATHS = NO;
				ASSETCATALOG_COMPILER_GENERATE_SWIFT_ASSET_SYMBOL_EXTENSIONS = YES;
				CLANG_ANALYZER_NONNULL = YES;
				CLANG_ANALYZER_NUMBER_OBJECT_CONVERSION = YES_AGGRESSIVE;
				CLANG_CXX_LANGUAGE_STANDARD = "gnu++20";
				CLANG_ENABLE_MODULES = YES;
				CLANG_ENABLE_OBJC_ARC = YES;
				CLANG_ENABLE_OBJC_WEAK = YES;
				CLANG_WARN_BLOCK_CAPTURE_AUTORELEASING = YES;
				CLANG_WARN_BOOL_CONVERSION = YES;
				CLANG_WARN_COMMA = YES;
				CLANG_WARN_CONSTANT_CONVERSION = YES;
				CLANG_WARN_DEPRECATED_OBJC_IMPLEMENTATIONS = YES;
				CLANG_WARN_DIRECT_OBJC_ISA_USAGE = YES_ERROR;
				CLANG_WARN_DOCUMENTATION_COMMENTS = YES;
				CLANG_WARN_EMPTY_BODY = YES;
				CLANG_WARN_ENUM_CONVERSION = YES;
				CLANG_WARN_INFINITE_RECURSION = YES;
				CLANG_WARN_INT_CONVERSION = YES;
				CLANG_WARN_NON_LITERAL_NULL_CONVERSION = YES;
				CLANG_WARN_OBJC_IMPLICIT_RETAIN_SELF = YES;
				CLANG_WARN_OBJC_LITERAL_CONVERSION = YES;
				CLANG_WARN_OBJC_ROOT_CLASS = YES_ERROR;
				CLANG_WARN_QUOTED_INCLUDE_IN_FRAMEWORK_HEADER = YES;
				CLANG_WARN_RANGE_LOOP_ANALYSIS = YES;
				CLANG_WARN_STRICT_PROTOTYPES = YES;
				CLANG_WARN_SUSPICIOUS_MOVE = YES;
				CLANG_WARN_UNGUARDED_AVAILABILITY = YES_AGGRESSIVE;
				CLANG_WARN_UNREACHABLE_CODE = YES;
				CLANG_WARN__DUPLICATE_METHOD_MATCH = YES;
				COPY_PHASE_STRIP = NO;
				DEBUG_INFORMATION_FORMAT = dwarf;
				ENABLE_STRICT_OBJC_MSGSEND = YES;
				ENABLE_TESTABILITY = YES;
				ENABLE_USER_SCRIPT_SANDBOXING = YES;
				GCC_C_LANGUAGE_STANDARD = gnu17;
				GCC_DYNAMIC_NO_PIC = NO;
				GCC_NO_COMMON_BLOCKS = YES;
				GCC_OPTIMIZATION_LEVEL = 0;
				GCC_PREPROCESSOR_DEFINITIONS = (
					"DEBUG=1",
					"$(inherited)",
				);
				GCC_WARN_64_TO_32_BIT_CONVERSION = YES;
				GCC_WARN_ABOUT_RETURN_TYPE = YES_ERROR;
				GCC_WARN_UNDECLARED_SELECTOR = YES;
				GCC_WARN_UNINITIALIZED_AUTOS = YES_AGGRESSIVE;
				GCC_WARN_UNUSED_FUNCTION = YES;
				GCC_WARN_UNUSED_VARIABLE = YES;
				IPHONEOS_DEPLOYMENT_TARGET = 17.5;
				LOCALIZATION_PREFERS_STRING_CATALOGS = YES;
				MTL_ENABLE_DEBUG_INFO = INCLUDE_SOURCE;
				MTL_FAST_MATH = YES;
				ONLY_ACTIVE_ARCH = YES;
				SDKROOT = iphoneos;
				SWIFT_ACTIVE_COMPILATION_CONDITIONS = "DEBUG $(inherited)";
				SWIFT_OPTIMIZATION_LEVEL = "-Onone";
			};
			name = Debug;
		};
		AD6F46532D60D18200B34350 /* Release */ = {
			isa = XCBuildConfiguration;
			buildSettings = {
				ALWAYS_SEARCH_USER_PATHS = NO;
				ASSETCATALOG_COMPILER_GENERATE_SWIFT_ASSET_SYMBOL_EXTENSIONS = YES;
				CLANG_ANALYZER_NONNULL = YES;
				CLANG_ANALYZER_NUMBER_OBJECT_CONVERSION = YES_AGGRESSIVE;
				CLANG_CXX_LANGUAGE_STANDARD = "gnu++20";
				CLANG_ENABLE_MODULES = YES;
				CLANG_ENABLE_OBJC_ARC = YES;
				CLANG_ENABLE_OBJC_WEAK = YES;
				CLANG_WARN_BLOCK_CAPTURE_AUTORELEASING = YES;
				CLANG_WARN_BOOL_CONVERSION = YES;
				CLANG_WARN_COMMA = YES;
				CLANG_WARN_CONSTANT_CONVERSION = YES;
				CLANG_WARN_DEPRECATED_OBJC_IMPLEMENTATIONS = YES;
				CLANG_WARN_DIRECT_OBJC_ISA_USAGE = YES_ERROR;
				CLANG_WARN_DOCUMENTATION_COMMENTS = YES;
				CLANG_WARN_EMPTY_BODY = YES;
				CLANG_WARN_ENUM_CONVERSION = YES;
				CLANG_WARN_INFINITE_RECURSION = YES;
				CLANG_WARN_INT_CONVERSION = YES;
				CLANG_WARN_NON_LITERAL_NULL_CONVERSION = YES;
				CLANG_WARN_OBJC_IMPLICIT_RETAIN_SELF = YES;
				CLANG_WARN_OBJC_LITERAL_CONVERSION = YES;
				CLANG_WARN_OBJC_ROOT_CLASS = YES_ERROR;
				CLANG_WARN_QUOTED_INCLUDE_IN_FRAMEWORK_HEADER = YES;
				CLANG_WARN_RANGE_LOOP_ANALYSIS = YES;
				CLANG_WARN_STRICT_PROTOTYPES = YES;
				CLANG_WARN_SUSPICIOUS_MOVE = YES;
				CLANG_WARN_UNGUARDED_AVAILABILITY = YES_AGGRESSIVE;
				CLANG_WARN_UNREACHABLE_CODE = YES;
				CLANG_WARN__DUPLICATE_METHOD_MATCH = YES;
				COPY_PHASE_STRIP = NO;
				DEBUG_INFORMATION_FORMAT = "dwarf-with-dsym";
				ENABLE_NS_ASSERTIONS = NO;
				ENABLE_STRICT_OBJC_MSGSEND = YES;
				ENABLE_USER_SCRIPT_SANDBOXING = YES;
				GCC_C_LANGUAGE_STANDARD = gnu17;
				GCC_NO_COMMON_BLOCKS = YES;
				GCC_WARN_64_TO_32_BIT_CONVERSION = YES;
				GCC_WARN_ABOUT_RETURN_TYPE = YES_ERROR;
				GCC_WARN_UNDECLARED_SELECTOR = YES;
				GCC_WARN_UNINITIALIZED_AUTOS = YES_AGGRESSIVE;
				GCC_WARN_UNUSED_FUNCTION = YES;
				GCC_WARN_UNUSED_VARIABLE = YES;
				IPHONEOS_DEPLOYMENT_TARGET = 17.5;
				LOCALIZATION_PREFERS_STRING_CATALOGS = YES;
				MTL_ENABLE_DEBUG_INFO = NO;
				MTL_FAST_MATH = YES;
				SDKROOT = iphoneos;
				SWIFT_COMPILATION_MODE = wholemodule;
				VALIDATE_PRODUCT = YES;
			};
			name = Release;
		};
		AD6F46552D60D18200B34350 /* Debug */ = {
			isa = XCBuildConfiguration;
			buildSettings = {
				ASSETCATALOG_COMPILER_APPICON_NAME = AppIcon;
				ASSETCATALOG_COMPILER_GLOBAL_ACCENT_COLOR_NAME = AccentColor;
				CODE_SIGN_STYLE = Automatic;
				CURRENT_PROJECT_VERSION = 1;
				DEVELOPMENT_TEAM = 7T4GE77SRT;
				GENERATE_INFOPLIST_FILE = YES;
				INFOPLIST_FILE = Pokedex/Info.plist;
				INFOPLIST_KEY_CFBundleDisplayName = Pokedex;
				INFOPLIST_KEY_UIApplicationSupportsIndirectInputEvents = YES;
				INFOPLIST_KEY_UILaunchStoryboardName = LaunchScreen;
				INFOPLIST_KEY_UIMainStoryboardFile = Main;
				INFOPLIST_KEY_UISupportedInterfaceOrientations = UIInterfaceOrientationPortrait;
				INFOPLIST_KEY_UISupportedInterfaceOrientations_iPad = "UIInterfaceOrientationPortrait UIInterfaceOrientationPortraitUpsideDown";
				LD_RUNPATH_SEARCH_PATHS = (
					"$(inherited)",
					"@executable_path/Frameworks",
				);
				MARKETING_VERSION = 1.0;
				PRODUCT_BUNDLE_IDENTIFIER = com.junvegu.pokedex.Pokedex;
				PRODUCT_NAME = "$(TARGET_NAME)";
				SWIFT_EMIT_LOC_STRINGS = YES;
				SWIFT_VERSION = 5.0;
				TARGETED_DEVICE_FAMILY = "1,2";
			};
			name = Debug;
		};
		AD6F46562D60D18200B34350 /* Release */ = {
			isa = XCBuildConfiguration;
			buildSettings = {
				ASSETCATALOG_COMPILER_APPICON_NAME = AppIcon;
				ASSETCATALOG_COMPILER_GLOBAL_ACCENT_COLOR_NAME = AccentColor;
				CODE_SIGN_STYLE = Automatic;
				CURRENT_PROJECT_VERSION = 1;
				DEVELOPMENT_TEAM = 7T4GE77SRT;
				GENERATE_INFOPLIST_FILE = YES;
				INFOPLIST_FILE = Pokedex/Info.plist;
				INFOPLIST_KEY_CFBundleDisplayName = Pokedex;
				INFOPLIST_KEY_UIApplicationSupportsIndirectInputEvents = YES;
				INFOPLIST_KEY_UILaunchStoryboardName = LaunchScreen;
				INFOPLIST_KEY_UIMainStoryboardFile = Main;
				INFOPLIST_KEY_UISupportedInterfaceOrientations = UIInterfaceOrientationPortrait;
				INFOPLIST_KEY_UISupportedInterfaceOrientations_iPad = "UIInterfaceOrientationPortrait UIInterfaceOrientationPortraitUpsideDown";
				LD_RUNPATH_SEARCH_PATHS = (
					"$(inherited)",
					"@executable_path/Frameworks",
				);
				MARKETING_VERSION = 1.0;
				PRODUCT_BUNDLE_IDENTIFIER = com.junvegu.pokedex.Pokedex;
				PRODUCT_NAME = "$(TARGET_NAME)";
				SWIFT_EMIT_LOC_STRINGS = YES;
				SWIFT_VERSION = 5.0;
				TARGETED_DEVICE_FAMILY = "1,2";
			};
			name = Release;
		};
		AD6F46582D60D18200B34350 /* Debug */ = {
			isa = XCBuildConfiguration;
			buildSettings = {
				ALWAYS_EMBED_SWIFT_STANDARD_LIBRARIES = YES;
				BUNDLE_LOADER = "$(TEST_HOST)";
				CODE_SIGN_STYLE = Automatic;
				CURRENT_PROJECT_VERSION = 1;
				DEVELOPMENT_TEAM = 7T4GE77SRT;
				GENERATE_INFOPLIST_FILE = YES;
				IPHONEOS_DEPLOYMENT_TARGET = 17.5;
				MARKETING_VERSION = 1.0;
				PRODUCT_BUNDLE_IDENTIFIER = com.junvegu.pokedex.PokedexTests;
				PRODUCT_NAME = "$(TARGET_NAME)";
				SWIFT_EMIT_LOC_STRINGS = NO;
				SWIFT_VERSION = 5.0;
				TARGETED_DEVICE_FAMILY = "1,2";
				TEST_HOST = "$(BUILT_PRODUCTS_DIR)/Pokedex.app/$(BUNDLE_EXECUTABLE_FOLDER_PATH)/Pokedex";
			};
			name = Debug;
		};
		AD6F46592D60D18200B34350 /* Release */ = {
			isa = XCBuildConfiguration;
			buildSettings = {
				ALWAYS_EMBED_SWIFT_STANDARD_LIBRARIES = YES;
				BUNDLE_LOADER = "$(TEST_HOST)";
				CODE_SIGN_STYLE = Automatic;
				CURRENT_PROJECT_VERSION = 1;
				DEVELOPMENT_TEAM = 7T4GE77SRT;
				GENERATE_INFOPLIST_FILE = YES;
				IPHONEOS_DEPLOYMENT_TARGET = 17.5;
				MARKETING_VERSION = 1.0;
				PRODUCT_BUNDLE_IDENTIFIER = com.junvegu.pokedex.PokedexTests;
				PRODUCT_NAME = "$(TARGET_NAME)";
				SWIFT_EMIT_LOC_STRINGS = NO;
				SWIFT_VERSION = 5.0;
				TARGETED_DEVICE_FAMILY = "1,2";
				TEST_HOST = "$(BUILT_PRODUCTS_DIR)/Pokedex.app/$(BUNDLE_EXECUTABLE_FOLDER_PATH)/Pokedex";
			};
			name = Release;
		};
		AD6F465B2D60D18200B34350 /* Debug */ = {
			isa = XCBuildConfiguration;
			buildSettings = {
				ALWAYS_EMBED_SWIFT_STANDARD_LIBRARIES = YES;
				CODE_SIGN_STYLE = Automatic;
				CURRENT_PROJECT_VERSION = 1;
				DEVELOPMENT_TEAM = 7T4GE77SRT;
				GENERATE_INFOPLIST_FILE = YES;
				MARKETING_VERSION = 1.0;
				PRODUCT_BUNDLE_IDENTIFIER = com.junvegu.pokedex.PokedexUITests;
				PRODUCT_NAME = "$(TARGET_NAME)";
				SWIFT_EMIT_LOC_STRINGS = NO;
				SWIFT_VERSION = 5.0;
				TARGETED_DEVICE_FAMILY = "1,2";
				TEST_TARGET_NAME = Pokedex;
			};
			name = Debug;
		};
		AD6F465C2D60D18200B34350 /* Release */ = {
			isa = XCBuildConfiguration;
			buildSettings = {
				ALWAYS_EMBED_SWIFT_STANDARD_LIBRARIES = YES;
				CODE_SIGN_STYLE = Automatic;
				CURRENT_PROJECT_VERSION = 1;
				DEVELOPMENT_TEAM = 7T4GE77SRT;
				GENERATE_INFOPLIST_FILE = YES;
				MARKETING_VERSION = 1.0;
				PRODUCT_BUNDLE_IDENTIFIER = com.junvegu.pokedex.PokedexUITests;
				PRODUCT_NAME = "$(TARGET_NAME)";
				SWIFT_EMIT_LOC_STRINGS = NO;
				SWIFT_VERSION = 5.0;
				TARGETED_DEVICE_FAMILY = "1,2";
				TEST_TARGET_NAME = Pokedex;
			};
			name = Release;
		};
/* End XCBuildConfiguration section */

/* Begin XCConfigurationList section */
		AD6F46252D60D18000B34350 /* Build configuration list for PBXProject "Pokedex" */ = {
			isa = XCConfigurationList;
			buildConfigurations = (
				AD6F46522D60D18200B34350 /* Debug */,
				AD6F46532D60D18200B34350 /* Release */,
			);
			defaultConfigurationIsVisible = 0;
			defaultConfigurationName = Release;
		};
		AD6F46542D60D18200B34350 /* Build configuration list for PBXNativeTarget "Pokedex" */ = {
			isa = XCConfigurationList;
			buildConfigurations = (
				AD6F46552D60D18200B34350 /* Debug */,
				AD6F46562D60D18200B34350 /* Release */,
			);
			defaultConfigurationIsVisible = 0;
			defaultConfigurationName = Release;
		};
		AD6F46572D60D18200B34350 /* Build configuration list for PBXNativeTarget "PokedexTests" */ = {
			isa = XCConfigurationList;
			buildConfigurations = (
				AD6F46582D60D18200B34350 /* Debug */,
				AD6F46592D60D18200B34350 /* Release */,
			);
			defaultConfigurationIsVisible = 0;
			defaultConfigurationName = Release;
		};
		AD6F465A2D60D18200B34350 /* Build configuration list for PBXNativeTarget "PokedexUITests" */ = {
			isa = XCConfigurationList;
			buildConfigurations = (
				AD6F465B2D60D18200B34350 /* Debug */,
				AD6F465C2D60D18200B34350 /* Release */,
			);
			defaultConfigurationIsVisible = 0;
			defaultConfigurationName = Release;
		};
/* End XCConfigurationList section */

/* Begin XCLocalSwiftPackageReference section */
		AD6F465D2D60DFEA00B34350 /* XCLocalSwiftPackageReference "BDRModel" */ = {
			isa = XCLocalSwiftPackageReference;
			relativePath = BDRModel;
		};
		AD6F46602D60DFF700B34350 /* XCLocalSwiftPackageReference "BDRCoreNetwork" */ = {
			isa = XCLocalSwiftPackageReference;
			relativePath = BDRCoreNetwork;
		};
		AD6F46632D60E00C00B34350 /* XCLocalSwiftPackageReference "BDRUIComponents" */ = {
			isa = XCLocalSwiftPackageReference;
			relativePath = BDRUIComponents;
		};
		AD6F46692D60E04700B34350 /* XCLocalSwiftPackageReference "UIUtils" */ = {
			isa = XCLocalSwiftPackageReference;
			relativePath = UIUtils;
		};
/* End XCLocalSwiftPackageReference section */

/* Begin XCSwiftPackageProductDependency section */
		AD6F465E2D60DFEA00B34350 /* BDRModel */ = {
			isa = XCSwiftPackageProductDependency;
			productName = BDRModel;
		};
		AD6F46612D60DFF700B34350 /* BDRCoreNetwork */ = {
			isa = XCSwiftPackageProductDependency;
			productName = BDRCoreNetwork;
		};
		AD6F46642D60E00C00B34350 /* BDRUIComponents */ = {
			isa = XCSwiftPackageProductDependency;
			productName = BDRUIComponents;
		};
		AD6F466A2D60E04700B34350 /* UIUtils */ = {
			isa = XCSwiftPackageProductDependency;
			productName = UIUtils;
		};
/* End XCSwiftPackageProductDependency section */
	};
	rootObject = AD6F46222D60D18000B34350 /* Project object */;
}
