// !$*UTF8*$!
{
	archiveVersion = 1;
	classes = {
	};
	objectVersion = 60;
	objects = {

/* Begin PBXBuildFile section */
		AD6F462E2D60D18000B34350 /* AppDelegate.swift in Sources */ = {isa = PBXBuildFile; fileRef = AD6F462D2D60D18000B34350 /* AppDelegate.swift */; };
		AD6F46302D60D18000B34350 /* SceneDelegate.swift in Sources */ = {isa = PBXBuildFile; fileRef = AD6F462F2D60D18000B34350 /* SceneDelegate.swift */; };
		AD6F46352D60D18000B34350 /* Base in Resources */ = {isa = PBXBuildFile; fileRef = AD6F46342D60D18000B34350 /* Base */; };
		AD6F46372D60D18200B34350 /* Assets.xcassets in Resources */ = {isa = PBXBuildFile; fileRef = AD6F46362D60D18200B34350 /* Assets.xcassets */; };
		AD6F463A2D60D18200B34350 /* Base in Resources */ = {isa = PBXBuildFile; fileRef = AD6F46392D60D18200B34350 /* Base */; };
		AD6F46452D60D18200B34350 /* PokedexTests.swift in Sources */ = {isa = PBXBuildFile; fileRef = AD6F46442D60D18200B34350 /* PokedexTests.swift */; };
		AD6F465F2D60DFEA00B34350 /* BDRModel in Frameworks */ = {isa = PBXBuildFile; productRef = AD6F465E2D60DFEA00B34350 /* BDRModel */; };
		AD6F46622D60DFF700B34350 /* BDRCoreNetwork in Frameworks */ = {isa = PBXBuildFile; productRef = AD6F46612D60DFF700B34350 /* BDRCoreNetwork */; };
		AD6F46652D60E00C00B34350 /* BDRUIComponents in Frameworks */ = {isa = PBXBuildFile; productRef = AD6F46642D60E00C00B34350 /* BDRUIComponents */; };
		AD6F466B2D60E04700B34350 /* UIUtils in Frameworks */ = {isa = PBXBuildFile; productRef = AD6F466A2D60E04700B34350 /* UIUtils */; };
		AD6F46742D6122DD00B34350 /* Montserrat-Light.ttf in Resources */ = {isa = PBXBuildFile; fileRef = AD6F46702D6122DD00B34350 /* Montserrat-Light.ttf */; };
		AD6F46752D6122DD00B34350 /* Montserrat-Bold.ttf in Resources */ = {isa = PBXBuildFile; fileRef = AD6F46712D6122DD00B34350 /* Montserrat-Bold.ttf */; };
		AD6F46762D6122DD00B34350 /* Montserrat-Medium.ttf in Resources */ = {isa = PBXBuildFile; fileRef = AD6F46722D6122DD00B34350 /* Montserrat-Medium.ttf */; };
		AD6F46772D6122DD00B34350 /* Montserrat-ExtraBold.ttf in Resources */ = {isa = PBXBuildFile; fileRef = AD6F46732D6122DD00B34350 /* Montserrat-ExtraBold.ttf */; };
		AD6F46792D6123C300B34350 /* PokedexApp.swift in Sources */ = {isa = PBXBuildFile; fileRef = AD6F46782D6123C300B34350 /* PokedexApp.swift */; };
		AD6F46842D612F6200B34350 /* PokemonRemoteDataSource.swift in Sources */ = {isa = PBXBuildFile; fileRef = AD6F46832D612F6200B34350 /* PokemonRemoteDataSource.swift */; };
		AD6F46862D612F7200B34350 /* PokemonDatasource.swift in Sources */ = {isa = PBXBuildFile; fileRef = AD6F46852D612F7200B34350 /* PokemonDatasource.swift */; };
		AD6F46882D612F8D00B34350 /* Pokemon.swift in Sources */ = {isa = PBXBuildFile; fileRef = AD6F46872D612F8D00B34350 /* Pokemon.swift */; };
		AD6F468A2D612FAE00B34350 /* PokemonResponse.swift in Sources */ = {isa = PBXBuildFile; fileRef = AD6F46892D612FAE00B34350 /* PokemonResponse.swift */; };
		AD6F468C2D612FC800B34350 /* PokemonRepository.swift in Sources */ = {isa = PBXBuildFile; fileRef = AD6F468B2D612FC800B34350 /* PokemonRepository.swift */; };
		AD6F468F2D61300900B34350 /* GetFirstGenPokemonsUseCase.swift in Sources */ = {isa = PBXBuildFile; fileRef = AD6F468E2D61300900B34350 /* GetFirstGenPokemonsUseCase.swift */; };
		AD6F46932D61319C00B34350 /* PokemonEndpoint.swift in Sources */ = {isa = PBXBuildFile; fileRef = AD6F46922D61319C00B34350 /* PokemonEndpoint.swift */; };
		AD6F46952D6132BE00B34350 /* PokemonListResponse+DomainMaper.swift in Sources */ = {isa = PBXBuildFile; fileRef = AD6F46942D6132BE00B34350 /* PokemonListResponse+DomainMaper.swift */; };
		AD6F469D2D61AB6C00B34350 /* PokemonRepositoryTests.swift in Sources */ = {isa = PBXBuildFile; fileRef = AD6F46962D61AB6C00B34350 /* PokemonRepositoryTests.swift */; };
		AD6F469E2D61AB6C00B34350 /* PokemonRemoteDataSourceTests.swift in Sources */ = {isa = PBXBuildFile; fileRef = AD6F46972D61AB6C00B34350 /* PokemonRemoteDataSourceTests.swift */; };
		AD6F469F2D61AB6C00B34350 /* MockPokemonRepository.swift in Sources */ = {isa = PBXBuildFile; fileRef = AD6F46982D61AB6C00B34350 /* MockPokemonRepository.swift */; };
		AD6F46A02D61AB6C00B34350 /* MockNetworkRequest.swift in Sources */ = {isa = PBXBuildFile; fileRef = AD6F46992D61AB6C00B34350 /* MockNetworkRequest.swift */; };
		AD6F46A12D61AB6C00B34350 /* PokemonStub.swift in Sources */ = {isa = PBXBuildFile; fileRef = AD6F469A2D61AB6C00B34350 /* PokemonStub.swift */; };
		AD6F46A22D61AB6C00B34350 /* SpyPokemonRemoteDataSource.swift in Sources */ = {isa = PBXBuildFile; fileRef = AD6F469B2D61AB6C00B34350 /* SpyPokemonRemoteDataSource.swift */; };
		AD6F46A32D61AB6C00B34350 /* GetFirstGenPokemonsUseCaseTests.swift in Sources */ = {isa = PBXBuildFile; fileRef = AD6F469C2D61AB6C00B34350 /* GetFirstGenPokemonsUseCaseTests.swift */; };
		AD6F46AD2D61B47000B34350 /* PokemonsFIrstGenUITests.swift in Sources */ = {isa = PBXBuildFile; fileRef = AD6F46AC2D61B47000B34350 /* PokemonsFIrstGenUITests.swift */; };
		AD6F46C32D61BF2900B34350 /* PokemonListBuilder.swift in Sources */ = {isa = PBXBuildFile; fileRef = AD6F46B62D61BDA600B34350 /* PokemonListBuilder.swift */; };
		AD6F46C42D61BF2900B34350 /* PokemonCoordinatorFactory.swift in Sources */ = {isa = PBXBuildFile; fileRef = AD6F46BB2D61BDEF00B34350 /* PokemonCoordinatorFactory.swift */; };
		AD6F46C52D61BF2900B34350 /* PokemonCollectionViewCell.swift in Sources */ = {isa = PBXBuildFile; fileRef = AD6F46B22D61BD4A00B34350 /* PokemonCollectionViewCell.swift */; };
		AD6F46C62D61BF2900B34350 /* PokemonCollectionLayout.swift in Sources */ = {isa = PBXBuildFile; fileRef = AD6F46B42D61BD6A00B34350 /* PokemonCollectionLayout.swift */; };
		AD6F46C72D61BF2900B34350 /* PokemonCoordinator.swift in Sources */ = {isa = PBXBuildFile; fileRef = AD6F46C12D61BEB000B34350 /* PokemonCoordinator.swift */; };
		AD6F46C82D61BF2900B34350 /* PokemonModulesFactory.swift in Sources */ = {isa = PBXBuildFile; fileRef = AD6F46BD2D61BE4100B34350 /* PokemonModulesFactory.swift */; };
		AD6F46C92D61BF2900B34350 /* BaseView.swift in Sources */ = {isa = PBXBuildFile; fileRef = AD6F46BF2D61BE8800B34350 /* BaseView.swift */; };
		AD6F46CA2D61BF2900B34350 /* PokemonListViewController.swift in Sources */ = {isa = PBXBuildFile; fileRef = AD6F46AF2D61BD2000B34350 /* PokemonListViewController.swift */; };
		AD6F46CB2D61BF2900B34350 /* PokemonListViewModel.swift in Sources */ = {isa = PBXBuildFile; fileRef = AD6F46B82D61BDB400B34350 /* PokemonListViewModel.swift */; };
		AD6F46CE2D61C00100B34350 /* PokemonDetailViewController.swift in Sources */ = {isa = PBXBuildFile; fileRef = AD6F46CD2D61C00100B34350 /* PokemonDetailViewController.swift */; };
		AD6F46D02D61C24600B34350 /* SearchPokemonByText.swift in Sources */ = {isa = PBXBuildFile; fileRef = AD6F46CF2D61C24600B34350 /* SearchPokemonByText.swift */; };
		AD6F46D22D628DF300B34350 /* MockPokemonRemoteDataSource.swift in Sources */ = {isa = PBXBuildFile; fileRef = AD6F46D12D628DF300B34350 /* MockPokemonRemoteDataSource.swift */; };
		AD6F46D42D628E4900B34350 /* PokemonSnapshotTests.swift in Sources */ = {isa = PBXBuildFile; fileRef = AD6F46D32D628E4900B34350 /* PokemonSnapshotTests.swift */; };
		AD6F46D72D628EC600B34350 /* InlineSnapshotTesting in Frameworks */ = {isa = PBXBuildFile; productRef = AD6F46D62D628EC600B34350 /* InlineSnapshotTesting */; };
		AD6F46D92D628EC600B34350 /* SnapshotTesting in Frameworks */ = {isa = PBXBuildFile; productRef = AD6F46D82D628EC600B34350 /* SnapshotTesting */; };
		AD6F46DB2D628EC600B34350 /* SnapshotTestingCustomDump in Frameworks */ = {isa = PBXBuildFile; productRef = AD6F46DA2D628EC600B34350 /* SnapshotTestingCustomDump */; };
		AD6F46DD2D629B9700B34350 /* PokemonDetail.swift in Sources */ = {isa = PBXBuildFile; fileRef = AD6F46DC2D629B9700B34350 /* PokemonDetail.swift */; };
		AD6F46DF2D629CFA00B34350 /* PokemonDetailResponse.swift in Sources */ = {isa = PBXBuildFile; fileRef = AD6F46DE2D629CFA00B34350 /* PokemonDetailResponse.swift */; };
		AD6F46E12D629D0F00B34350 /* PokemonTypeResponse.swift in Sources */ = {isa = PBXBuildFile; fileRef = AD6F46E02D629D0F00B34350 /* PokemonTypeResponse.swift */; };
		AD6F46E32D629D2B00B34350 /* PokemonType.swift in Sources */ = {isa = PBXBuildFile; fileRef = AD6F46E22D629D2B00B34350 /* PokemonType.swift */; };
		AD6F46E52D629D5700B34350 /* PokemonDetailResponse+DomainMapper.swift in Sources */ = {isa = PBXBuildFile; fileRef = AD6F46E42D629D5700B34350 /* PokemonDetailResponse+DomainMapper.swift */; };
		AD6F46E72D62A18200B34350 /* GetPokemonDetailUseCase.swift in Sources */ = {isa = PBXBuildFile; fileRef = AD6F46E62D62A18200B34350 /* GetPokemonDetailUseCase.swift */; };
		AD6F46E92D62A2EE00B34350 /* PokemonDetailViewModel.swift in Sources */ = {isa = PBXBuildFile; fileRef = AD6F46E82D62A2EE00B34350 /* PokemonDetailViewModel.swift */; };
		AD6F46EB2D62A40D00B34350 /* PokemonDetailBuilder.swift in Sources */ = {isa = PBXBuildFile; fileRef = AD6F46EA2D62A40D00B34350 /* PokemonDetailBuilder.swift */; };
		AD6F46ED2D62A60A00B34350 /* PokemonDetailStub.swift in Sources */ = {isa = PBXBuildFile; fileRef = AD6F46EC2D62A60A00B34350 /* PokemonDetailStub.swift */; };
		AD6F46EF2D63B1A100B34350 /* UIViewControllerPreviewBuilder.swift in Sources */ = {isa = PBXBuildFile; fileRef = AD6F46EE2D63B1A100B34350 /* UIViewControllerPreviewBuilder.swift */; };
		AD6F46F22D63B60F00B34350 /* PokemonAuraView.swift in Sources */ = {isa = PBXBuildFile; fileRef = AD6F46F12D63B60F00B34350 /* PokemonAuraView.swift */; };
		ADF0A9712D63BFC500E0DB90 /* GetPokemonDetailUseCaseTests.swift in Sources */ = {isa = PBXBuildFile; fileRef = ADF0A9702D63BFC500E0DB90 /* GetPokemonDetailUseCaseTests.swift */; };
/* End PBXBuildFile section */

/* Begin PBXContainerItemProxy section */
		AD6F46412D60D18200B34350 /* PBXContainerItemProxy */ = {
			isa = PBXContainerItemProxy;
			containerPortal = AD6F46222D60D18000B34350 /* Project object */;
			proxyType = 1;
			remoteGlobalIDString = AD6F46292D60D18000B34350;
			remoteInfo = Pokedex;
		};
		AD6F464B2D60D18200B34350 /* PBXContainerItemProxy */ = {
			isa = PBXContainerItemProxy;
			containerPortal = AD6F46222D60D18000B34350 /* Project object */;
			proxyType = 1;
			remoteGlobalIDString = AD6F46292D60D18000B34350;
			remoteInfo = Pokedex;
		};
/* End PBXContainerItemProxy section */

/* Begin PBXFileReference section */
		AD6F462A2D60D18000B34350 /* Pokedex.app */ = {isa = PBXFileReference; explicitFileType = wrapper.application; includeInIndex = 0; path = Pokedex.app; sourceTree = BUILT_PRODUCTS_DIR; };
		AD6F462D2D60D18000B34350 /* AppDelegate.swift */ = {isa = PBXFileReference; lastKnownFileType = sourcecode.swift; path = AppDelegate.swift; sourceTree = "<group>"; };
		AD6F462F2D60D18000B34350 /* SceneDelegate.swift */ = {isa = PBXFileReference; lastKnownFileType = sourcecode.swift; path = SceneDelegate.swift; sourceTree = "<group>"; };
		AD6F46342D60D18000B34350 /* Base */ = {isa = PBXFileReference; lastKnownFileType = file.storyboard; name = Base; path = Base.lproj/Main.storyboard; sourceTree = "<group>"; };
		AD6F46362D60D18200B34350 /* Assets.xcassets */ = {isa = PBXFileReference; lastKnownFileType = folder.assetcatalog; path = Assets.xcassets; sourceTree = "<group>"; };
		AD6F46392D60D18200B34350 /* Base */ = {isa = PBXFileReference; lastKnownFileType = file.storyboard; name = Base; path = Base.lproj/LaunchScreen.storyboard; sourceTree = "<group>"; };
		AD6F463B2D60D18200B34350 /* Info.plist */ = {isa = PBXFileReference; lastKnownFileType = text.plist.xml; path = Info.plist; sourceTree = "<group>"; };
		AD6F46402D60D18200B34350 /* PokedexTests.xctest */ = {isa = PBXFileReference; explicitFileType = wrapper.cfbundle; includeInIndex = 0; path = PokedexTests.xctest; sourceTree = BUILT_PRODUCTS_DIR; };
		AD6F46442D60D18200B34350 /* PokedexTests.swift */ = {isa = PBXFileReference; lastKnownFileType = sourcecode.swift; path = PokedexTests.swift; sourceTree = "<group>"; };
		AD6F464A2D60D18200B34350 /* PokedexUITests.xctest */ = {isa = PBXFileReference; explicitFileType = wrapper.cfbundle; includeInIndex = 0; path = PokedexUITests.xctest; sourceTree = BUILT_PRODUCTS_DIR; };
		AD6F46702D6122DD00B34350 /* Montserrat-Light.ttf */ = {isa = PBXFileReference; lastKnownFileType = file; path = "Montserrat-Light.ttf"; sourceTree = "<group>"; };
		AD6F46712D6122DD00B34350 /* Montserrat-Bold.ttf */ = {isa = PBXFileReference; lastKnownFileType = file; path = "Montserrat-Bold.ttf"; sourceTree = "<group>"; };
		AD6F46722D6122DD00B34350 /* Montserrat-Medium.ttf */ = {isa = PBXFileReference; lastKnownFileType = file; path = "Montserrat-Medium.ttf"; sourceTree = "<group>"; };
		AD6F46732D6122DD00B34350 /* Montserrat-ExtraBold.ttf */ = {isa = PBXFileReference; lastKnownFileType = file; path = "Montserrat-ExtraBold.ttf"; sourceTree = "<group>"; };
		AD6F46782D6123C300B34350 /* PokedexApp.swift */ = {isa = PBXFileReference; lastKnownFileType = sourcecode.swift; path = PokedexApp.swift; sourceTree = "<group>"; };
		AD6F46832D612F6200B34350 /* PokemonRemoteDataSource.swift */ = {isa = PBXFileReference; lastKnownFileType = sourcecode.swift; path = PokemonRemoteDataSource.swift; sourceTree = "<group>"; };
		AD6F46852D612F7200B34350 /* PokemonDatasource.swift */ = {isa = PBXFileReference; lastKnownFileType = sourcecode.swift; path = PokemonDatasource.swift; sourceTree = "<group>"; };
		AD6F46872D612F8D00B34350 /* Pokemon.swift */ = {isa = PBXFileReference; lastKnownFileType = sourcecode.swift; path = Pokemon.swift; sourceTree = "<group>"; };
		AD6F46892D612FAE00B34350 /* PokemonResponse.swift */ = {isa = PBXFileReference; lastKnownFileType = sourcecode.swift; path = PokemonResponse.swift; sourceTree = "<group>"; };
		AD6F468B2D612FC800B34350 /* PokemonRepository.swift */ = {isa = PBXFileReference; lastKnownFileType = sourcecode.swift; path = PokemonRepository.swift; sourceTree = "<group>"; };
		AD6F468E2D61300900B34350 /* GetFirstGenPokemonsUseCase.swift */ = {isa = PBXFileReference; lastKnownFileType = sourcecode.swift; path = GetFirstGenPokemonsUseCase.swift; sourceTree = "<group>"; };
		AD6F46922D61319C00B34350 /* PokemonEndpoint.swift */ = {isa = PBXFileReference; lastKnownFileType = sourcecode.swift; path = PokemonEndpoint.swift; sourceTree = "<group>"; };
		AD6F46942D6132BE00B34350 /* PokemonListResponse+DomainMaper.swift */ = {isa = PBXFileReference; lastKnownFileType = sourcecode.swift; path = "PokemonListResponse+DomainMaper.swift"; sourceTree = "<group>"; };
		AD6F46962D61AB6C00B34350 /* PokemonRepositoryTests.swift */ = {isa = PBXFileReference; fileEncoding = 4; lastKnownFileType = sourcecode.swift; path = PokemonRepositoryTests.swift; sourceTree = "<group>"; };
		AD6F46972D61AB6C00B34350 /* PokemonRemoteDataSourceTests.swift */ = {isa = PBXFileReference; fileEncoding = 4; lastKnownFileType = sourcecode.swift; path = PokemonRemoteDataSourceTests.swift; sourceTree = "<group>"; };
		AD6F46982D61AB6C00B34350 /* MockPokemonRepository.swift */ = {isa = PBXFileReference; fileEncoding = 4; lastKnownFileType = sourcecode.swift; path = MockPokemonRepository.swift; sourceTree = "<group>"; };
		AD6F46992D61AB6C00B34350 /* MockNetworkRequest.swift */ = {isa = PBXFileReference; fileEncoding = 4; lastKnownFileType = sourcecode.swift; path = MockNetworkRequest.swift; sourceTree = "<group>"; };
		AD6F469A2D61AB6C00B34350 /* PokemonStub.swift */ = {isa = PBXFileReference; fileEncoding = 4; lastKnownFileType = sourcecode.swift; path = PokemonStub.swift; sourceTree = "<group>"; };
		AD6F469B2D61AB6C00B34350 /* SpyPokemonRemoteDataSource.swift */ = {isa = PBXFileReference; fileEncoding = 4; lastKnownFileType = sourcecode.swift; path = SpyPokemonRemoteDataSource.swift; sourceTree = "<group>"; };
		AD6F469C2D61AB6C00B34350 /* GetFirstGenPokemonsUseCaseTests.swift */ = {isa = PBXFileReference; fileEncoding = 4; lastKnownFileType = sourcecode.swift; path = GetFirstGenPokemonsUseCaseTests.swift; sourceTree = "<group>"; };
		AD6F46AC2D61B47000B34350 /* PokemonsFIrstGenUITests.swift */ = {isa = PBXFileReference; lastKnownFileType = sourcecode.swift; path = PokemonsFIrstGenUITests.swift; sourceTree = "<group>"; };
		AD6F46AF2D61BD2000B34350 /* PokemonListViewController.swift */ = {isa = PBXFileReference; lastKnownFileType = sourcecode.swift; path = PokemonListViewController.swift; sourceTree = "<group>"; };
		AD6F46B22D61BD4A00B34350 /* PokemonCollectionViewCell.swift */ = {isa = PBXFileReference; lastKnownFileType = sourcecode.swift; path = PokemonCollectionViewCell.swift; sourceTree = "<group>"; };
		AD6F46B42D61BD6A00B34350 /* PokemonCollectionLayout.swift */ = {isa = PBXFileReference; lastKnownFileType = sourcecode.swift; path = PokemonCollectionLayout.swift; sourceTree = "<group>"; };
		AD6F46B62D61BDA600B34350 /* PokemonListBuilder.swift */ = {isa = PBXFileReference; lastKnownFileType = sourcecode.swift; path = PokemonListBuilder.swift; sourceTree = "<group>"; };
		AD6F46B82D61BDB400B34350 /* PokemonListViewModel.swift */ = {isa = PBXFileReference; lastKnownFileType = sourcecode.swift; path = PokemonListViewModel.swift; sourceTree = "<group>"; };
		AD6F46BB2D61BDEF00B34350 /* PokemonCoordinatorFactory.swift */ = {isa = PBXFileReference; lastKnownFileType = sourcecode.swift; path = PokemonCoordinatorFactory.swift; sourceTree = "<group>"; };
		AD6F46BD2D61BE4100B34350 /* PokemonModulesFactory.swift */ = {isa = PBXFileReference; lastKnownFileType = sourcecode.swift; path = PokemonModulesFactory.swift; sourceTree = "<group>"; };
		AD6F46BF2D61BE8800B34350 /* BaseView.swift */ = {isa = PBXFileReference; lastKnownFileType = sourcecode.swift; path = BaseView.swift; sourceTree = "<group>"; };
		AD6F46C12D61BEB000B34350 /* PokemonCoordinator.swift */ = {isa = PBXFileReference; lastKnownFileType = sourcecode.swift; path = PokemonCoordinator.swift; sourceTree = "<group>"; };
		AD6F46CD2D61C00100B34350 /* PokemonDetailViewController.swift */ = {isa = PBXFileReference; lastKnownFileType = sourcecode.swift; path = PokemonDetailViewController.swift; sourceTree = "<group>"; };
		AD6F46CF2D61C24600B34350 /* SearchPokemonByText.swift */ = {isa = PBXFileReference; lastKnownFileType = sourcecode.swift; path = SearchPokemonByText.swift; sourceTree = "<group>"; };
		AD6F46D12D628DF300B34350 /* MockPokemonRemoteDataSource.swift */ = {isa = PBXFileReference; lastKnownFileType = sourcecode.swift; path = MockPokemonRemoteDataSource.swift; sourceTree = "<group>"; };
		AD6F46D32D628E4900B34350 /* PokemonSnapshotTests.swift */ = {isa = PBXFileReference; lastKnownFileType = sourcecode.swift; path = PokemonSnapshotTests.swift; sourceTree = "<group>"; };
		AD6F46DC2D629B9700B34350 /* PokemonDetail.swift */ = {isa = PBXFileReference; lastKnownFileType = sourcecode.swift; path = PokemonDetail.swift; sourceTree = "<group>"; };
		AD6F46DE2D629CFA00B34350 /* PokemonDetailResponse.swift */ = {isa = PBXFileReference; lastKnownFileType = sourcecode.swift; path = PokemonDetailResponse.swift; sourceTree = "<group>"; };
		AD6F46E02D629D0F00B34350 /* PokemonTypeResponse.swift */ = {isa = PBXFileReference; lastKnownFileType = sourcecode.swift; path = PokemonTypeResponse.swift; sourceTree = "<group>"; };
		AD6F46E22D629D2B00B34350 /* PokemonType.swift */ = {isa = PBXFileReference; lastKnownFileType = sourcecode.swift; path = PokemonType.swift; sourceTree = "<group>"; };
		AD6F46E42D629D5700B34350 /* PokemonDetailResponse+DomainMapper.swift */ = {isa = PBXFileReference; lastKnownFileType = sourcecode.swift; path = "PokemonDetailResponse+DomainMapper.swift"; sourceTree = "<group>"; };
		AD6F46E62D62A18200B34350 /* GetPokemonDetailUseCase.swift */ = {isa = PBXFileReference; lastKnownFileType = sourcecode.swift; path = GetPokemonDetailUseCase.swift; sourceTree = "<group>"; };
		AD6F46E82D62A2EE00B34350 /* PokemonDetailViewModel.swift */ = {isa = PBXFileReference; lastKnownFileType = sourcecode.swift; path = PokemonDetailViewModel.swift; sourceTree = "<group>"; };
		AD6F46EA2D62A40D00B34350 /* PokemonDetailBuilder.swift */ = {isa = PBXFileReference; lastKnownFileType = sourcecode.swift; path = PokemonDetailBuilder.swift; sourceTree = "<group>"; };
		AD6F46EC2D62A60A00B34350 /* PokemonDetailStub.swift */ = {isa = PBXFileReference; lastKnownFileType = sourcecode.swift; path = PokemonDetailStub.swift; sourceTree = "<group>"; };
		AD6F46EE2D63B1A100B34350 /* UIViewControllerPreviewBuilder.swift */ = {isa = PBXFileReference; lastKnownFileType = sourcecode.swift; path = UIViewControllerPreviewBuilder.swift; sourceTree = "<group>"; };
		AD6F46F12D63B60F00B34350 /* PokemonAuraView.swift */ = {isa = PBXFileReference; lastKnownFileType = sourcecode.swift; path = PokemonAuraView.swift; sourceTree = "<group>"; };
		ADF0A9702D63BFC500E0DB90 /* GetPokemonDetailUseCaseTests.swift */ = {isa = PBXFileReference; lastKnownFileType = sourcecode.swift; path = GetPokemonDetailUseCaseTests.swift; sourceTree = "<group>"; };
/* End PBXFileReference section */

/* Begin PBXFrameworksBuildPhase section */
		AD6F46272D60D18000B34350 /* Frameworks */ = {
			isa = PBXFrameworksBuildPhase;
			buildActionMask = 2147483647;
			files = (
				AD6F465F2D60DFEA00B34350 /* BDRModel in Frameworks */,
				AD6F46652D60E00C00B34350 /* BDRUIComponents in Frameworks */,
				AD6F466B2D60E04700B34350 /* UIUtils in Frameworks */,
				AD6F46622D60DFF700B34350 /* BDRCoreNetwork in Frameworks */,
			);
			runOnlyForDeploymentPostprocessing = 0;
		};
		AD6F463D2D60D18200B34350 /* Frameworks */ = {
			isa = PBXFrameworksBuildPhase;
			buildActionMask = 2147483647;
			files = (
				AD6F46DB2D628EC600B34350 /* SnapshotTestingCustomDump in Frameworks */,
				AD6F46D72D628EC600B34350 /* InlineSnapshotTesting in Frameworks */,
				AD6F46D92D628EC600B34350 /* SnapshotTesting in Frameworks */,
			);
			runOnlyForDeploymentPostprocessing = 0;
		};
		AD6F46472D60D18200B34350 /* Frameworks */ = {
			isa = PBXFrameworksBuildPhase;
			buildActionMask = 2147483647;
			files = (
			);
			runOnlyForDeploymentPostprocessing = 0;
		};
/* End PBXFrameworksBuildPhase section */

/* Begin PBXGroup section */
		AD6F46212D60D18000B34350 = {
			isa = PBXGroup;
			children = (
				AD6F462C2D60D18000B34350 /* Pokedex */,
				AD6F46432D60D18200B34350 /* PokedexTests */,
				AD6F464D2D60D18200B34350 /* PokedexUITests */,
				AD6F462B2D60D18000B34350 /* Products */,
			);
			sourceTree = "<group>";
		};
		AD6F462B2D60D18000B34350 /* Products */ = {
			isa = PBXGroup;
			children = (
				AD6F462A2D60D18000B34350 /* Pokedex.app */,
				AD6F46402D60D18200B34350 /* PokedexTests.xctest */,
				AD6F464A2D60D18200B34350 /* PokedexUITests.xctest */,
			);
			name = Products;
			sourceTree = "<group>";
		};
		AD6F462C2D60D18000B34350 /* Pokedex */ = {
			isa = PBXGroup;
			children = (
				AD6F467A2D612EBA00B34350 /* Infraestructure */,
				AD6F467B2D612EC200B34350 /* Domain */,
				AD6F466D2D61229900B34350 /* Application */,
				AD6F467C2D612EC700B34350 /* Presentation */,
				AD6F466C2D61228D00B34350 /* Resources */,
				AD6F46332D60D18000B34350 /* Main.storyboard */,
				AD6F46382D60D18200B34350 /* LaunchScreen.storyboard */,
			);
			path = Pokedex;
			sourceTree = "<group>";
		};
		AD6F46432D60D18200B34350 /* PokedexTests */ = {
			isa = PBXGroup;
			children = (
				AD6F46A72D61AC3300B34350 /* Tests */,
				AD6F46A62D61AB8400B34350 /* Spies */,
				AD6F46A52D61AB7F00B34350 /* Mocks */,
				AD6F46A42D61AB7A00B34350 /* Stubs */,
				AD6F46442D60D18200B34350 /* PokedexTests.swift */,
			);
			path = PokedexTests;
			sourceTree = "<group>";
		};
		AD6F464D2D60D18200B34350 /* PokedexUITests */ = {
			isa = PBXGroup;
			children = (
				AD6F46AC2D61B47000B34350 /* PokemonsFIrstGenUITests.swift */,
			);
			path = PokedexUITests;
			sourceTree = "<group>";
		};
		AD6F466C2D61228D00B34350 /* Resources */ = {
			isa = PBXGroup;
			children = (
				AD6F463B2D60D18200B34350 /* Info.plist */,
				AD6F466F2D6122AD00B34350 /* Fonts */,
				AD6F466E2D6122A500B34350 /* Assets */,
			);
			path = Resources;
			sourceTree = "<group>";
		};
		AD6F466D2D61229900B34350 /* Application */ = {
			isa = PBXGroup;
			children = (
				AD6F462D2D60D18000B34350 /* AppDelegate.swift */,
				AD6F462F2D60D18000B34350 /* SceneDelegate.swift */,
				AD6F46782D6123C300B34350 /* PokedexApp.swift */,
			);
			path = Application;
			sourceTree = "<group>";
		};
		AD6F466E2D6122A500B34350 /* Assets */ = {
			isa = PBXGroup;
			children = (
				AD6F46362D60D18200B34350 /* Assets.xcassets */,
			);
			path = Assets;
			sourceTree = "<group>";
		};
		AD6F466F2D6122AD00B34350 /* Fonts */ = {
			isa = PBXGroup;
			children = (
				AD6F46712D6122DD00B34350 /* Montserrat-Bold.ttf */,
				AD6F46732D6122DD00B34350 /* Montserrat-ExtraBold.ttf */,
				AD6F46702D6122DD00B34350 /* Montserrat-Light.ttf */,
				AD6F46722D6122DD00B34350 /* Montserrat-Medium.ttf */,
			);
			path = Fonts;
			sourceTree = "<group>";
		};
		AD6F467A2D612EBA00B34350 /* Infraestructure */ = {
			isa = PBXGroup;
			children = (
				AD6F46912D61318700B34350 /* Endpoint */,
				AD6F46822D612EF900B34350 /* Mappers */,
				AD6F46812D612EF400B34350 /* Responses */,
				AD6F46802D612EEA00B34350 /* Repositories */,
				AD6F467E2D612EDD00B34350 /* Datasource */,
			);
			path = Infraestructure;
			sourceTree = "<group>";
		};
		AD6F467B2D612EC200B34350 /* Domain */ = {
			isa = PBXGroup;
			children = (
				AD6F46902D61301200B34350 /* UseCase */,
				AD6F468D2D612FFF00B34350 /* Model */,
			);
			path = Domain;
			sourceTree = "<group>";
		};
		AD6F467C2D612EC700B34350 /* Presentation */ = {
			isa = PBXGroup;
			children = (
				AD6F46C12D61BEB000B34350 /* PokemonCoordinator.swift */,
				AD6F46BA2D61BDDF00B34350 /* Common */,
				AD6F46AE2D61BCFE00B34350 /* PokemonList */,
				AD6F46CC2D61BFEB00B34350 /* PokemonDetail */,
			);
			path = Presentation;
			sourceTree = "<group>";
		};
		AD6F467E2D612EDD00B34350 /* Datasource */ = {
			isa = PBXGroup;
			children = (
				AD6F46832D612F6200B34350 /* PokemonRemoteDataSource.swift */,
				AD6F46852D612F7200B34350 /* PokemonDatasource.swift */,
			);
			path = Datasource;
			sourceTree = "<group>";
		};
		AD6F46802D612EEA00B34350 /* Repositories */ = {
			isa = PBXGroup;
			children = (
				AD6F468B2D612FC800B34350 /* PokemonRepository.swift */,
			);
			path = Repositories;
			sourceTree = "<group>";
		};
		AD6F46812D612EF400B34350 /* Responses */ = {
			isa = PBXGroup;
			children = (
				AD6F46892D612FAE00B34350 /* PokemonResponse.swift */,
				AD6F46DE2D629CFA00B34350 /* PokemonDetailResponse.swift */,
				AD6F46E02D629D0F00B34350 /* PokemonTypeResponse.swift */,
			);
			path = Responses;
			sourceTree = "<group>";
		};
		AD6F46822D612EF900B34350 /* Mappers */ = {
			isa = PBXGroup;
			children = (
				AD6F46942D6132BE00B34350 /* PokemonListResponse+DomainMaper.swift */,
				AD6F46E42D629D5700B34350 /* PokemonDetailResponse+DomainMapper.swift */,
			);
			path = Mappers;
			sourceTree = "<group>";
		};
		AD6F468D2D612FFF00B34350 /* Model */ = {
			isa = PBXGroup;
			children = (
				AD6F46872D612F8D00B34350 /* Pokemon.swift */,
				AD6F46DC2D629B9700B34350 /* PokemonDetail.swift */,
				AD6F46E22D629D2B00B34350 /* PokemonType.swift */,
			);
			path = Model;
			sourceTree = "<group>";
		};
		AD6F46902D61301200B34350 /* UseCase */ = {
			isa = PBXGroup;
			children = (
				AD6F468E2D61300900B34350 /* GetFirstGenPokemonsUseCase.swift */,
				AD6F46CF2D61C24600B34350 /* SearchPokemonByText.swift */,
				AD6F46E62D62A18200B34350 /* GetPokemonDetailUseCase.swift */,
			);
			path = UseCase;
			sourceTree = "<group>";
		};
		AD6F46912D61318700B34350 /* Endpoint */ = {
			isa = PBXGroup;
			children = (
				AD6F46922D61319C00B34350 /* PokemonEndpoint.swift */,
			);
			path = Endpoint;
			sourceTree = "<group>";
		};
		AD6F46A42D61AB7A00B34350 /* Stubs */ = {
			isa = PBXGroup;
			children = (
				AD6F469A2D61AB6C00B34350 /* PokemonStub.swift */,
				AD6F46EC2D62A60A00B34350 /* PokemonDetailStub.swift */,
			);
			path = Stubs;
			sourceTree = "<group>";
		};
		AD6F46A52D61AB7F00B34350 /* Mocks */ = {
			isa = PBXGroup;
			children = (
				AD6F46982D61AB6C00B34350 /* MockPokemonRepository.swift */,
				AD6F46992D61AB6C00B34350 /* MockNetworkRequest.swift */,
				AD6F46D12D628DF300B34350 /* MockPokemonRemoteDataSource.swift */,
			);
			path = Mocks;
			sourceTree = "<group>";
		};
		AD6F46A62D61AB8400B34350 /* Spies */ = {
			isa = PBXGroup;
			children = (
				AD6F469B2D61AB6C00B34350 /* SpyPokemonRemoteDataSource.swift */,
			);
			path = Spies;
			sourceTree = "<group>";
		};
		AD6F46A72D61AC3300B34350 /* Tests */ = {
			isa = PBXGroup;
			children = (
				AD6F46AA2D61AC4400B34350 /* Presentation */,
				AD6F46A92D61AC4000B34350 /* Domain */,
				AD6F46A82D61AC3A00B34350 /* Infraestructure */,
			);
			path = Tests;
			sourceTree = "<group>";
		};
		AD6F46A82D61AC3A00B34350 /* Infraestructure */ = {
			isa = PBXGroup;
			children = (
				AD6F46972D61AB6C00B34350 /* PokemonRemoteDataSourceTests.swift */,
				AD6F46962D61AB6C00B34350 /* PokemonRepositoryTests.swift */,
			);
			path = Infraestructure;
			sourceTree = "<group>";
		};
		AD6F46A92D61AC4000B34350 /* Domain */ = {
			isa = PBXGroup;
			children = (
				AD6F469C2D61AB6C00B34350 /* GetFirstGenPokemonsUseCaseTests.swift */,
				ADF0A9702D63BFC500E0DB90 /* GetPokemonDetailUseCaseTests.swift */,
			);
			path = Domain;
			sourceTree = "<group>";
		};
		AD6F46AA2D61AC4400B34350 /* Presentation */ = {
			isa = PBXGroup;
			children = (
				AD6F46D32D628E4900B34350 /* PokemonSnapshotTests.swift */,
			);
			path = Presentation;
			sourceTree = "<group>";
		};
		AD6F46AE2D61BCFE00B34350 /* PokemonList */ = {
			isa = PBXGroup;
			children = (
				AD6F46B12D61BD2900B34350 /* Subviews */,
				AD6F46B62D61BDA600B34350 /* PokemonListBuilder.swift */,
				AD6F46AF2D61BD2000B34350 /* PokemonListViewController.swift */,
				AD6F46B82D61BDB400B34350 /* PokemonListViewModel.swift */,
			);
			path = PokemonList;
			sourceTree = "<group>";
		};
		AD6F46B12D61BD2900B34350 /* Subviews */ = {
			isa = PBXGroup;
			children = (
				AD6F46B22D61BD4A00B34350 /* PokemonCollectionViewCell.swift */,
				AD6F46B42D61BD6A00B34350 /* PokemonCollectionLayout.swift */,
			);
			path = Subviews;
			sourceTree = "<group>";
		};
		AD6F46BA2D61BDDF00B34350 /* Common */ = {
			isa = PBXGroup;
			children = (
				AD6F46BB2D61BDEF00B34350 /* PokemonCoordinatorFactory.swift */,
				AD6F46BD2D61BE4100B34350 /* PokemonModulesFactory.swift */,
				AD6F46BF2D61BE8800B34350 /* BaseView.swift */,
				AD6F46EE2D63B1A100B34350 /* UIViewControllerPreviewBuilder.swift */,
			);
			path = Common;
			sourceTree = "<group>";
		};
		AD6F46CC2D61BFEB00B34350 /* PokemonDetail */ = {
			isa = PBXGroup;
			children = (
				AD6F46F02D63B60000B34350 /* Subviews */,
				AD6F46CD2D61C00100B34350 /* PokemonDetailViewController.swift */,
				AD6F46E82D62A2EE00B34350 /* PokemonDetailViewModel.swift */,
				AD6F46EA2D62A40D00B34350 /* PokemonDetailBuilder.swift */,
			);
			path = PokemonDetail;
			sourceTree = "<group>";
		};
		AD6F46F02D63B60000B34350 /* Subviews */ = {
			isa = PBXGroup;
			children = (
				AD6F46F12D63B60F00B34350 /* PokemonAuraView.swift */,
			);
			path = Subviews;
			sourceTree = "<group>";
		};
/* End PBXGroup section */

/* Begin PBXNativeTarget section */
		AD6F46292D60D18000B34350 /* Pokedex */ = {
			isa = PBXNativeTarget;
			buildConfigurationList = AD6F46542D60D18200B34350 /* Build configuration list for PBXNativeTarget "Pokedex" */;
			buildPhases = (
				AD6F46262D60D18000B34350 /* Sources */,
				AD6F46272D60D18000B34350 /* Frameworks */,
				AD6F46282D60D18000B34350 /* Resources */,
			);
			buildRules = (
			);
			dependencies = (
			);
			name = Pokedex;
			packageProductDependencies = (
				AD6F465E2D60DFEA00B34350 /* BDRModel */,
				AD6F46612D60DFF700B34350 /* BDRCoreNetwork */,
				AD6F46642D60E00C00B34350 /* BDRUIComponents */,
				AD6F466A2D60E04700B34350 /* UIUtils */,
			);
			productName = Pokedex;
			productReference = AD6F462A2D60D18000B34350 /* Pokedex.app */;
			productType = "com.apple.product-type.application";
		};
		AD6F463F2D60D18200B34350 /* PokedexTests */ = {
			isa = PBXNativeTarget;
			buildConfigurationList = AD6F46572D60D18200B34350 /* Build configuration list for PBXNativeTarget "PokedexTests" */;
			buildPhases = (
				AD6F463C2D60D18200B34350 /* Sources */,
				AD6F463D2D60D18200B34350 /* Frameworks */,
				AD6F463E2D60D18200B34350 /* Resources */,
			);
			buildRules = (
			);
			dependencies = (
				AD6F46422D60D18200B34350 /* PBXTargetDependency */,
			);
			name = PokedexTests;
			packageProductDependencies = (
				AD6F46D62D628EC600B34350 /* InlineSnapshotTesting */,
				AD6F46D82D628EC600B34350 /* SnapshotTesting */,
				AD6F46DA2D628EC600B34350 /* SnapshotTestingCustomDump */,
			);
			productName = PokedexTests;
			productReference = AD6F46402D60D18200B34350 /* PokedexTests.xctest */;
			productType = "com.apple.product-type.bundle.unit-test";
		};
		AD6F46492D60D18200B34350 /* PokedexUITests */ = {
			isa = PBXNativeTarget;
			buildConfigurationList = AD6F465A2D60D18200B34350 /* Build configuration list for PBXNativeTarget "PokedexUITests" */;
			buildPhases = (
				AD6F46462D60D18200B34350 /* Sources */,
				AD6F46472D60D18200B34350 /* Frameworks */,
				AD6F46482D60D18200B34350 /* Resources */,
			);
			buildRules = (
			);
			dependencies = (
				AD6F464C2D60D18200B34350 /* PBXTargetDependency */,
			);
			name = PokedexUITests;
			productName = PokedexUITests;
			productReference = AD6F464A2D60D18200B34350 /* PokedexUITests.xctest */;
			productType = "com.apple.product-type.bundle.ui-testing";
		};
/* End PBXNativeTarget section */

/* Begin PBXProject section */
		AD6F46222D60D18000B34350 /* Project object */ = {
			isa = PBXProject;
			attributes = {
				BuildIndependentTargetsInParallel = 1;
				LastSwiftUpdateCheck = 1540;
				LastUpgradeCheck = 1540;
				TargetAttributes = {
					AD6F46292D60D18000B34350 = {
						CreatedOnToolsVersion = 15.4;
					};
					AD6F463F2D60D18200B34350 = {
						CreatedOnToolsVersion = 15.4;
						TestTargetID = AD6F46292D60D18000B34350;
					};
					AD6F46492D60D18200B34350 = {
						CreatedOnToolsVersion = 15.4;
						LastSwiftMigration = 1540;
						TestTargetID = AD6F46292D60D18000B34350;
					};
				};
			};
			buildConfigurationList = AD6F46252D60D18000B34350 /* Build configuration list for PBXProject "Pokedex" */;
			compatibilityVersion = "Xcode 14.0";
			developmentRegion = en;
			hasScannedForEncodings = 0;
			knownRegions = (
				en,
				Base,
			);
			mainGroup = AD6F46212D60D18000B34350;
			packageReferences = (
				AD6F465D2D60DFEA00B34350 /* XCLocalSwiftPackageReference "BDRModel" */,
				AD6F46602D60DFF700B34350 /* XCLocalSwiftPackageReference "BDRCoreNetwork" */,
				AD6F46632D60E00C00B34350 /* XCLocalSwiftPackageReference "BDRUIComponents" */,
				AD6F46692D60E04700B34350 /* XCLocalSwiftPackageReference "UIUtils" */,
				AD6F46D52D628EC600B34350 /* XCRemoteSwiftPackageReference "swift-snapshot-testing" */,
			);
			productRefGroup = AD6F462B2D60D18000B34350 /* Products */;
			projectDirPath = "";
			projectRoot = "";
			targets = (
				AD6F46292D60D18000B34350 /* Pokedex */,
				AD6F463F2D60D18200B34350 /* PokedexTests */,
				AD6F46492D60D18200B34350 /* PokedexUITests */,
			);
		};
/* End PBXProject section */

/* Begin PBXResourcesBuildPhase section */
		AD6F46282D60D18000B34350 /* Resources */ = {
			isa = PBXResourcesBuildPhase;
			buildActionMask = 2147483647;
			files = (
				AD6F46752D6122DD00B34350 /* Montserrat-Bold.ttf in Resources */,
				AD6F46742D6122DD00B34350 /* Montserrat-Light.ttf in Resources */,
				AD6F46372D60D18200B34350 /* Assets.xcassets in Resources */,
				AD6F463A2D60D18200B34350 /* Base in Resources */,
				AD6F46762D6122DD00B34350 /* Montserrat-Medium.ttf in Resources */,
				AD6F46772D6122DD00B34350 /* Montserrat-ExtraBold.ttf in Resources */,
				AD6F46352D60D18000B34350 /* Base in Resources */,
			);
			runOnlyForDeploymentPostprocessing = 0;
		};
		AD6F463E2D60D18200B34350 /* Resources */ = {
			isa = PBXResourcesBuildPhase;
			buildActionMask = 2147483647;
			files = (
			);
			runOnlyForDeploymentPostprocessing = 0;
		};
		AD6F46482D60D18200B34350 /* Resources */ = {
			isa = PBXResourcesBuildPhase;
			buildActionMask = 2147483647;
			files = (
			);
			runOnlyForDeploymentPostprocessing = 0;
		};
/* End PBXResourcesBuildPhase section */

/* Begin PBXSourcesBuildPhase section */
		AD6F46262D60D18000B34350 /* Sources */ = {
			isa = PBXSourcesBuildPhase;
			buildActionMask = 2147483647;
			files = (
				AD6F46EB2D62A40D00B34350 /* PokemonDetailBuilder.swift in Sources */,
				AD6F46932D61319C00B34350 /* PokemonEndpoint.swift in Sources */,
				AD6F46952D6132BE00B34350 /* PokemonListResponse+DomainMaper.swift in Sources */,
				AD6F46F22D63B60F00B34350 /* PokemonAuraView.swift in Sources */,
				AD6F468A2D612FAE00B34350 /* PokemonResponse.swift in Sources */,
				AD6F46882D612F8D00B34350 /* Pokemon.swift in Sources */,
				AD6F46E12D629D0F00B34350 /* PokemonTypeResponse.swift in Sources */,
				AD6F46792D6123C300B34350 /* PokedexApp.swift in Sources */,
				AD6F46C32D61BF2900B34350 /* PokemonListBuilder.swift in Sources */,
				AD6F46DF2D629CFA00B34350 /* PokemonDetailResponse.swift in Sources */,
				AD6F46C42D61BF2900B34350 /* PokemonCoordinatorFactory.swift in Sources */,
				AD6F46C52D61BF2900B34350 /* PokemonCollectionViewCell.swift in Sources */,
				AD6F46C62D61BF2900B34350 /* PokemonCollectionLayout.swift in Sources */,
				AD6F46DD2D629B9700B34350 /* PokemonDetail.swift in Sources */,
				AD6F46C72D61BF2900B34350 /* PokemonCoordinator.swift in Sources */,
				AD6F46C82D61BF2900B34350 /* PokemonModulesFactory.swift in Sources */,
				AD6F46C92D61BF2900B34350 /* BaseView.swift in Sources */,
				AD6F46CA2D61BF2900B34350 /* PokemonListViewController.swift in Sources */,
				AD6F46CB2D61BF2900B34350 /* PokemonListViewModel.swift in Sources */,
				AD6F46E72D62A18200B34350 /* GetPokemonDetailUseCase.swift in Sources */,
				AD6F46862D612F7200B34350 /* PokemonDatasource.swift in Sources */,
				AD6F46EF2D63B1A100B34350 /* UIViewControllerPreviewBuilder.swift in Sources */,
				AD6F468F2D61300900B34350 /* GetFirstGenPokemonsUseCase.swift in Sources */,
				AD6F46E52D629D5700B34350 /* PokemonDetailResponse+DomainMapper.swift in Sources */,
				AD6F46D02D61C24600B34350 /* SearchPokemonByText.swift in Sources */,
				AD6F46E92D62A2EE00B34350 /* PokemonDetailViewModel.swift in Sources */,
				AD6F468C2D612FC800B34350 /* PokemonRepository.swift in Sources */,
				AD6F462E2D60D18000B34350 /* AppDelegate.swift in Sources */,
				AD6F46302D60D18000B34350 /* SceneDelegate.swift in Sources */,
				AD6F46E32D629D2B00B34350 /* PokemonType.swift in Sources */,
				AD6F46CE2D61C00100B34350 /* PokemonDetailViewController.swift in Sources */,
				AD6F46842D612F6200B34350 /* PokemonRemoteDataSource.swift in Sources */,
			);
			runOnlyForDeploymentPostprocessing = 0;
		};
		AD6F463C2D60D18200B34350 /* Sources */ = {
			isa = PBXSourcesBuildPhase;
			buildActionMask = 2147483647;
			files = (
				AD6F46A02D61AB6C00B34350 /* MockNetworkRequest.swift in Sources */,
				AD6F46452D60D18200B34350 /* PokedexTests.swift in Sources */,
				AD6F46A32D61AB6C00B34350 /* GetFirstGenPokemonsUseCaseTests.swift in Sources */,
				AD6F469F2D61AB6C00B34350 /* MockPokemonRepository.swift in Sources */,
				AD6F46A22D61AB6C00B34350 /* SpyPokemonRemoteDataSource.swift in Sources */,
				AD6F46D42D628E4900B34350 /* PokemonSnapshotTests.swift in Sources */,
				AD6F46ED2D62A60A00B34350 /* PokemonDetailStub.swift in Sources */,
				AD6F469D2D61AB6C00B34350 /* PokemonRepositoryTests.swift in Sources */,
				AD6F469E2D61AB6C00B34350 /* PokemonRemoteDataSourceTests.swift in Sources */,
				ADF0A9712D63BFC500E0DB90 /* GetPokemonDetailUseCaseTests.swift in Sources */,
				AD6F46A12D61AB6C00B34350 /* PokemonStub.swift in Sources */,
				AD6F46D22D628DF300B34350 /* MockPokemonRemoteDataSource.swift in Sources */,
			);
			runOnlyForDeploymentPostprocessing = 0;
		};
		AD6F46462D60D18200B34350 /* Sources */ = {
			isa = PBXSourcesBuildPhase;
			buildActionMask = 2147483647;
			files = (
				AD6F46AD2D61B47000B34350 /* PokemonsFIrstGenUITests.swift in Sources */,
			);
			runOnlyForDeploymentPostprocessing = 0;
		};
/* End PBXSourcesBuildPhase section */

/* Begin PBXTargetDependency section */
		AD6F46422D60D18200B34350 /* PBXTargetDependency */ = {
			isa = PBXTargetDependency;
			target = AD6F46292D60D18000B34350 /* Pokedex */;
			targetProxy = AD6F46412D60D18200B34350 /* PBXContainerItemProxy */;
		};
		AD6F464C2D60D18200B34350 /* PBXTargetDependency */ = {
			isa = PBXTargetDependency;
			target = AD6F46292D60D18000B34350 /* Pokedex */;
			targetProxy = AD6F464B2D60D18200B34350 /* PBXContainerItemProxy */;
		};
/* End PBXTargetDependency section */

/* Begin PBXVariantGroup section */
		AD6F46332D60D18000B34350 /* Main.storyboard */ = {
			isa = PBXVariantGroup;
			children = (
				AD6F46342D60D18000B34350 /* Base */,
			);
			name = Main.storyboard;
			sourceTree = "<group>";
		};
		AD6F46382D60D18200B34350 /* LaunchScreen.storyboard */ = {
			isa = PBXVariantGroup;
			children = (
				AD6F46392D60D18200B34350 /* Base */,
			);
			name = LaunchScreen.storyboard;
			sourceTree = "<group>";
		};
/* End PBXVariantGroup section */

/* Begin XCBuildConfiguration section */
		AD6F46522D60D18200B34350 /* Debug */ = {
			isa = XCBuildConfiguration;
			buildSettings = {
				ALWAYS_SEARCH_USER_PATHS = NO;
				ASSETCATALOG_COMPILER_GENERATE_SWIFT_ASSET_SYMBOL_EXTENSIONS = YES;
				CLANG_ANALYZER_NONNULL = YES;
				CLANG_ANALYZER_NUMBER_OBJECT_CONVERSION = YES_AGGRESSIVE;
				CLANG_CXX_LANGUAGE_STANDARD = "gnu++20";
				CLANG_ENABLE_MODULES = YES;
				CLANG_ENABLE_OBJC_ARC = YES;
				CLANG_ENABLE_OBJC_WEAK = YES;
				CLANG_WARN_BLOCK_CAPTURE_AUTORELEASING = YES;
				CLANG_WARN_BOOL_CONVERSION = YES;
				CLANG_WARN_COMMA = YES;
				CLANG_WARN_CONSTANT_CONVERSION = YES;
				CLANG_WARN_DEPRECATED_OBJC_IMPLEMENTATIONS = YES;
				CLANG_WARN_DIRECT_OBJC_ISA_USAGE = YES_ERROR;
				CLANG_WARN_DOCUMENTATION_COMMENTS = YES;
				CLANG_WARN_EMPTY_BODY = YES;
				CLANG_WARN_ENUM_CONVERSION = YES;
				CLANG_WARN_INFINITE_RECURSION = YES;
				CLANG_WARN_INT_CONVERSION = YES;
				CLANG_WARN_NON_LITERAL_NULL_CONVERSION = YES;
				CLANG_WARN_OBJC_IMPLICIT_RETAIN_SELF = YES;
				CLANG_WARN_OBJC_LITERAL_CONVERSION = YES;
				CLANG_WARN_OBJC_ROOT_CLASS = YES_ERROR;
				CLANG_WARN_QUOTED_INCLUDE_IN_FRAMEWORK_HEADER = YES;
				CLANG_WARN_RANGE_LOOP_ANALYSIS = YES;
				CLANG_WARN_STRICT_PROTOTYPES = YES;
				CLANG_WARN_SUSPICIOUS_MOVE = YES;
				CLANG_WARN_UNGUARDED_AVAILABILITY = YES_AGGRESSIVE;
				CLANG_WARN_UNREACHABLE_CODE = YES;
				CLANG_WARN__DUPLICATE_METHOD_MATCH = YES;
				COPY_PHASE_STRIP = NO;
				DEBUG_INFORMATION_FORMAT = dwarf;
				ENABLE_STRICT_OBJC_MSGSEND = YES;
				ENABLE_TESTABILITY = YES;
				ENABLE_USER_SCRIPT_SANDBOXING = YES;
				GCC_C_LANGUAGE_STANDARD = gnu17;
				GCC_DYNAMIC_NO_PIC = NO;
				GCC_NO_COMMON_BLOCKS = YES;
				GCC_OPTIMIZATION_LEVEL = 0;
				GCC_PREPROCESSOR_DEFINITIONS = (
					"DEBUG=1",
					"$(inherited)",
				);
				GCC_WARN_64_TO_32_BIT_CONVERSION = YES;
				GCC_WARN_ABOUT_RETURN_TYPE = YES_ERROR;
				GCC_WARN_UNDECLARED_SELECTOR = YES;
				GCC_WARN_UNINITIALIZED_AUTOS = YES_AGGRESSIVE;
				GCC_WARN_UNUSED_FUNCTION = YES;
				GCC_WARN_UNUSED_VARIABLE = YES;
				IPHONEOS_DEPLOYMENT_TARGET = 17.5;
				LOCALIZATION_PREFERS_STRING_CATALOGS = YES;
				MTL_ENABLE_DEBUG_INFO = INCLUDE_SOURCE;
				MTL_FAST_MATH = YES;
				ONLY_ACTIVE_ARCH = YES;
				SDKROOT = iphoneos;
				SWIFT_ACTIVE_COMPILATION_CONDITIONS = "DEBUG $(inherited)";
				SWIFT_OPTIMIZATION_LEVEL = "-Onone";
			};
			name = Debug;
		};
		AD6F46532D60D18200B34350 /* Release */ = {
			isa = XCBuildConfiguration;
			buildSettings = {
				ALWAYS_SEARCH_USER_PATHS = NO;
				ASSETCATALOG_COMPILER_GENERATE_SWIFT_ASSET_SYMBOL_EXTENSIONS = YES;
				CLANG_ANALYZER_NONNULL = YES;
				CLANG_ANALYZER_NUMBER_OBJECT_CONVERSION = YES_AGGRESSIVE;
				CLANG_CXX_LANGUAGE_STANDARD = "gnu++20";
				CLANG_ENABLE_MODULES = YES;
				CLANG_ENABLE_OBJC_ARC = YES;
				CLANG_ENABLE_OBJC_WEAK = YES;
				CLANG_WARN_BLOCK_CAPTURE_AUTORELEASING = YES;
				CLANG_WARN_BOOL_CONVERSION = YES;
				CLANG_WARN_COMMA = YES;
				CLANG_WARN_CONSTANT_CONVERSION = YES;
				CLANG_WARN_DEPRECATED_OBJC_IMPLEMENTATIONS = YES;
				CLANG_WARN_DIRECT_OBJC_ISA_USAGE = YES_ERROR;
				CLANG_WARN_DOCUMENTATION_COMMENTS = YES;
				CLANG_WARN_EMPTY_BODY = YES;
				CLANG_WARN_ENUM_CONVERSION = YES;
				CLANG_WARN_INFINITE_RECURSION = YES;
				CLANG_WARN_INT_CONVERSION = YES;
				CLANG_WARN_NON_LITERAL_NULL_CONVERSION = YES;
				CLANG_WARN_OBJC_IMPLICIT_RETAIN_SELF = YES;
				CLANG_WARN_OBJC_LITERAL_CONVERSION = YES;
				CLANG_WARN_OBJC_ROOT_CLASS = YES_ERROR;
				CLANG_WARN_QUOTED_INCLUDE_IN_FRAMEWORK_HEADER = YES;
				CLANG_WARN_RANGE_LOOP_ANALYSIS = YES;
				CLANG_WARN_STRICT_PROTOTYPES = YES;
				CLANG_WARN_SUSPICIOUS_MOVE = YES;
				CLANG_WARN_UNGUARDED_AVAILABILITY = YES_AGGRESSIVE;
				CLANG_WARN_UNREACHABLE_CODE = YES;
				CLANG_WARN__DUPLICATE_METHOD_MATCH = YES;
				COPY_PHASE_STRIP = NO;
				DEBUG_INFORMATION_FORMAT = "dwarf-with-dsym";
				ENABLE_NS_ASSERTIONS = NO;
				ENABLE_STRICT_OBJC_MSGSEND = YES;
				ENABLE_USER_SCRIPT_SANDBOXING = YES;
				GCC_C_LANGUAGE_STANDARD = gnu17;
				GCC_NO_COMMON_BLOCKS = YES;
				GCC_WARN_64_TO_32_BIT_CONVERSION = YES;
				GCC_WARN_ABOUT_RETURN_TYPE = YES_ERROR;
				GCC_WARN_UNDECLARED_SELECTOR = YES;
				GCC_WARN_UNINITIALIZED_AUTOS = YES_AGGRESSIVE;
				GCC_WARN_UNUSED_FUNCTION = YES;
				GCC_WARN_UNUSED_VARIABLE = YES;
				IPHONEOS_DEPLOYMENT_TARGET = 17.5;
				LOCALIZATION_PREFERS_STRING_CATALOGS = YES;
				MTL_ENABLE_DEBUG_INFO = NO;
				MTL_FAST_MATH = YES;
				SDKROOT = iphoneos;
				SWIFT_COMPILATION_MODE = wholemodule;
				VALIDATE_PRODUCT = YES;
			};
			name = Release;
		};
		AD6F46552D60D18200B34350 /* Debug */ = {
			isa = XCBuildConfiguration;
			buildSettings = {
				ASSETCATALOG_COMPILER_APPICON_NAME = AppIcon;
				ASSETCATALOG_COMPILER_GLOBAL_ACCENT_COLOR_NAME = AccentColor;
				CODE_SIGN_STYLE = Automatic;
				CURRENT_PROJECT_VERSION = 1;
				DEVELOPMENT_TEAM = 7T4GE77SRT;
				GENERATE_INFOPLIST_FILE = YES;
				INFOPLIST_FILE = Pokedex/Resources/Info.plist;
				INFOPLIST_KEY_CFBundleDisplayName = Pokedex;
				INFOPLIST_KEY_UIApplicationSupportsIndirectInputEvents = YES;
				INFOPLIST_KEY_UILaunchStoryboardName = LaunchScreen;
				INFOPLIST_KEY_UIMainStoryboardFile = Main;
				INFOPLIST_KEY_UISupportedInterfaceOrientations = UIInterfaceOrientationPortrait;
				LD_RUNPATH_SEARCH_PATHS = (
					"$(inherited)",
					"@executable_path/Frameworks",
				);
				MARKETING_VERSION = 1.0;
				PRODUCT_BUNDLE_IDENTIFIER = com.junvegu.pokedex.Pokedex;
				PRODUCT_NAME = "$(TARGET_NAME)";
				SWIFT_EMIT_LOC_STRINGS = YES;
				SWIFT_VERSION = 5.0;
				TARGETED_DEVICE_FAMILY = "1,2";
			};
			name = Debug;
		};
		AD6F46562D60D18200B34350 /* Release */ = {
			isa = XCBuildConfiguration;
			buildSettings = {
				ASSETCATALOG_COMPILER_APPICON_NAME = AppIcon;
				ASSETCATALOG_COMPILER_GLOBAL_ACCENT_COLOR_NAME = AccentColor;
				CODE_SIGN_STYLE = Automatic;
				CURRENT_PROJECT_VERSION = 1;
				DEVELOPMENT_TEAM = 7T4GE77SRT;
				GENERATE_INFOPLIST_FILE = YES;
				INFOPLIST_FILE = Pokedex/Resources/Info.plist;
				INFOPLIST_KEY_CFBundleDisplayName = Pokedex;
				INFOPLIST_KEY_UIApplicationSupportsIndirectInputEvents = YES;
				INFOPLIST_KEY_UILaunchStoryboardName = LaunchScreen;
				INFOPLIST_KEY_UIMainStoryboardFile = Main;
				INFOPLIST_KEY_UISupportedInterfaceOrientations = UIInterfaceOrientationPortrait;
				LD_RUNPATH_SEARCH_PATHS = (
					"$(inherited)",
					"@executable_path/Frameworks",
				);
				MARKETING_VERSION = 1.0;
				PRODUCT_BUNDLE_IDENTIFIER = com.junvegu.pokedex.Pokedex;
				PRODUCT_NAME = "$(TARGET_NAME)";
				SWIFT_EMIT_LOC_STRINGS = YES;
				SWIFT_VERSION = 5.0;
				TARGETED_DEVICE_FAMILY = "1,2";
			};
			name = Release;
		};
		AD6F46582D60D18200B34350 /* Debug */ = {
			isa = XCBuildConfiguration;
			buildSettings = {
				ALWAYS_EMBED_SWIFT_STANDARD_LIBRARIES = YES;
				BUNDLE_LOADER = "$(TEST_HOST)";
				CODE_SIGN_STYLE = Automatic;
				CURRENT_PROJECT_VERSION = 1;
				DEVELOPMENT_TEAM = 7T4GE77SRT;
				GENERATE_INFOPLIST_FILE = YES;
				IPHONEOS_DEPLOYMENT_TARGET = 17.5;
				MARKETING_VERSION = 1.0;
				PRODUCT_BUNDLE_IDENTIFIER = com.junvegu.pokedex.PokedexTests;
				PRODUCT_NAME = "$(TARGET_NAME)";
				SWIFT_EMIT_LOC_STRINGS = NO;
				SWIFT_VERSION = 5.0;
				TARGETED_DEVICE_FAMILY = "1,2";
				TEST_HOST = "$(BUILT_PRODUCTS_DIR)/Pokedex.app/$(BUNDLE_EXECUTABLE_FOLDER_PATH)/Pokedex";
			};
			name = Debug;
		};
		AD6F46592D60D18200B34350 /* Release */ = {
			isa = XCBuildConfiguration;
			buildSettings = {
				ALWAYS_EMBED_SWIFT_STANDARD_LIBRARIES = YES;
				BUNDLE_LOADER = "$(TEST_HOST)";
				CODE_SIGN_STYLE = Automatic;
				CURRENT_PROJECT_VERSION = 1;
				DEVELOPMENT_TEAM = 7T4GE77SRT;
				GENERATE_INFOPLIST_FILE = YES;
				IPHONEOS_DEPLOYMENT_TARGET = 17.5;
				MARKETING_VERSION = 1.0;
				PRODUCT_BUNDLE_IDENTIFIER = com.junvegu.pokedex.PokedexTests;
				PRODUCT_NAME = "$(TARGET_NAME)";
				SWIFT_EMIT_LOC_STRINGS = NO;
				SWIFT_VERSION = 5.0;
				TARGETED_DEVICE_FAMILY = "1,2";
				TEST_HOST = "$(BUILT_PRODUCTS_DIR)/Pokedex.app/$(BUNDLE_EXECUTABLE_FOLDER_PATH)/Pokedex";
			};
			name = Release;
		};
		AD6F465B2D60D18200B34350 /* Debug */ = {
			isa = XCBuildConfiguration;
			buildSettings = {
				ALWAYS_EMBED_SWIFT_STANDARD_LIBRARIES = YES;
				CLANG_ENABLE_MODULES = YES;
				CODE_SIGN_STYLE = Automatic;
				CURRENT_PROJECT_VERSION = 1;
				DEVELOPMENT_TEAM = 7T4GE77SRT;
				GENERATE_INFOPLIST_FILE = YES;
				MARKETING_VERSION = 1.0;
				PRODUCT_BUNDLE_IDENTIFIER = com.junvegu.pokedex.PokedexUITests;
				PRODUCT_NAME = "$(TARGET_NAME)";
				SWIFT_EMIT_LOC_STRINGS = NO;
				SWIFT_OPTIMIZATION_LEVEL = "-Onone";
				SWIFT_VERSION = 5.0;
				TARGETED_DEVICE_FAMILY = "1,2";
				TEST_TARGET_NAME = Pokedex;
			};
			name = Debug;
		};
		AD6F465C2D60D18200B34350 /* Release */ = {
			isa = XCBuildConfiguration;
			buildSettings = {
				ALWAYS_EMBED_SWIFT_STANDARD_LIBRARIES = YES;
				CLANG_ENABLE_MODULES = YES;
				CODE_SIGN_STYLE = Automatic;
				CURRENT_PROJECT_VERSION = 1;
				DEVELOPMENT_TEAM = 7T4GE77SRT;
				GENERATE_INFOPLIST_FILE = YES;
				MARKETING_VERSION = 1.0;
				PRODUCT_BUNDLE_IDENTIFIER = com.junvegu.pokedex.PokedexUITests;
				PRODUCT_NAME = "$(TARGET_NAME)";
				SWIFT_EMIT_LOC_STRINGS = NO;
				SWIFT_VERSION = 5.0;
				TARGETED_DEVICE_FAMILY = "1,2";
				TEST_TARGET_NAME = Pokedex;
			};
			name = Release;
		};
/* End XCBuildConfiguration section */

/* Begin XCConfigurationList section */
		AD6F46252D60D18000B34350 /* Build configuration list for PBXProject "Pokedex" */ = {
			isa = XCConfigurationList;
			buildConfigurations = (
				AD6F46522D60D18200B34350 /* Debug */,
				AD6F46532D60D18200B34350 /* Release */,
			);
			defaultConfigurationIsVisible = 0;
			defaultConfigurationName = Release;
		};
		AD6F46542D60D18200B34350 /* Build configuration list for PBXNativeTarget "Pokedex" */ = {
			isa = XCConfigurationList;
			buildConfigurations = (
				AD6F46552D60D18200B34350 /* Debug */,
				AD6F46562D60D18200B34350 /* Release */,
			);
			defaultConfigurationIsVisible = 0;
			defaultConfigurationName = Release;
		};
		AD6F46572D60D18200B34350 /* Build configuration list for PBXNativeTarget "PokedexTests" */ = {
			isa = XCConfigurationList;
			buildConfigurations = (
				AD6F46582D60D18200B34350 /* Debug */,
				AD6F46592D60D18200B34350 /* Release */,
			);
			defaultConfigurationIsVisible = 0;
			defaultConfigurationName = Release;
		};
		AD6F465A2D60D18200B34350 /* Build configuration list for PBXNativeTarget "PokedexUITests" */ = {
			isa = XCConfigurationList;
			buildConfigurations = (
				AD6F465B2D60D18200B34350 /* Debug */,
				AD6F465C2D60D18200B34350 /* Release */,
			);
			defaultConfigurationIsVisible = 0;
			defaultConfigurationName = Release;
		};
/* End XCConfigurationList section */

/* Begin XCLocalSwiftPackageReference section */
		AD6F465D2D60DFEA00B34350 /* XCLocalSwiftPackageReference "BDRModel" */ = {
			isa = XCLocalSwiftPackageReference;
			relativePath = BDRModel;
		};
		AD6F46602D60DFF700B34350 /* XCLocalSwiftPackageReference "BDRCoreNetwork" */ = {
			isa = XCLocalSwiftPackageReference;
			relativePath = BDRCoreNetwork;
		};
		AD6F46632D60E00C00B34350 /* XCLocalSwiftPackageReference "BDRUIComponents" */ = {
			isa = XCLocalSwiftPackageReference;
			relativePath = BDRUIComponents;
		};
		AD6F46692D60E04700B34350 /* XCLocalSwiftPackageReference "UIUtils" */ = {
			isa = XCLocalSwiftPackageReference;
			relativePath = UIUtils;
		};
/* End XCLocalSwiftPackageReference section */

/* Begin XCRemoteSwiftPackageReference section */
		AD6F46D52D628EC600B34350 /* XCRemoteSwiftPackageReference "swift-snapshot-testing" */ = {
			isa = XCRemoteSwiftPackageReference;
			repositoryURL = "https://github.com/pointfreeco/swift-snapshot-testing.git";
			requirement = {
				kind = upToNextMajorVersion;
				minimumVersion = 1.18.0;
			};
		};
/* End XCRemoteSwiftPackageReference section */

/* Begin XCSwiftPackageProductDependency section */
		AD6F465E2D60DFEA00B34350 /* BDRModel */ = {
			isa = XCSwiftPackageProductDependency;
			productName = BDRModel;
		};
		AD6F46612D60DFF700B34350 /* BDRCoreNetwork */ = {
			isa = XCSwiftPackageProductDependency;
			productName = BDRCoreNetwork;
		};
		AD6F46642D60E00C00B34350 /* BDRUIComponents */ = {
			isa = XCSwiftPackageProductDependency;
			productName = BDRUIComponents;
		};
		AD6F466A2D60E04700B34350 /* UIUtils */ = {
			isa = XCSwiftPackageProductDependency;
			productName = UIUtils;
		};
		AD6F46D62D628EC600B34350 /* InlineSnapshotTesting */ = {
			isa = XCSwiftPackageProductDependency;
			package = AD6F46D52D628EC600B34350 /* XCRemoteSwiftPackageReference "swift-snapshot-testing" */;
			productName = InlineSnapshotTesting;
		};
		AD6F46D82D628EC600B34350 /* SnapshotTesting */ = {
			isa = XCSwiftPackageProductDependency;
			package = AD6F46D52D628EC600B34350 /* XCRemoteSwiftPackageReference "swift-snapshot-testing" */;
			productName = SnapshotTesting;
		};
		AD6F46DA2D628EC600B34350 /* SnapshotTestingCustomDump */ = {
			isa = XCSwiftPackageProductDependency;
			package = AD6F46D52D628EC600B34350 /* XCRemoteSwiftPackageReference "swift-snapshot-testing" */;
			productName = SnapshotTestingCustomDump;
		};
/* End XCSwiftPackageProductDependency section */
	};
	rootObject = AD6F46222D60D18000B34350 /* Project object */;
}
